// !$*UTF8*$!
{
	archiveVersion = 1;
	classes = {
	};
	objectVersion = 50;
	objects = {

/* Begin PBXBuildFile section */
		2D4398A824222AAB00D01464 /* SSSugarContainersAutoMapInitTests.swift in Sources */ = {isa = PBXBuildFile; fileRef = 2D4398A724222AAB00D01464 /* SSSugarContainersAutoMapInitTests.swift */; };
		2D7E5A3C241FD0E5009EE074 /* SSCollectionViewMarkableControllerMarkAlreadyMarkedTC.swift in Sources */ = {isa = PBXBuildFile; fileRef = 99B1A7A022467D8900D96BEE /* SSCollectionViewMarkableControllerMarkAlreadyMarkedTC.swift */; };
		2D7E5A3D241FD0E5009EE074 /* SSCollectionViewMarkableControllerConfigCellTC.swift in Sources */ = {isa = PBXBuildFile; fileRef = 99AB3459224547BF004959B1 /* SSCollectionViewMarkableControllerConfigCellTC.swift */; };
		2D7E5A3E241FD0E5009EE074 /* SSCollectionViewMarkableControllerConfigCellNonActvieTC.swift in Sources */ = {isa = PBXBuildFile; fileRef = 99AB345522454466004959B1 /* SSCollectionViewMarkableControllerConfigCellNonActvieTC.swift */; };
		2D7E5A3F241FD0E5009EE074 /* SSCollectionViewMarkableControllerActivateTC.swift in Sources */ = {isa = PBXBuildFile; fileRef = 99B1A78122442BD600D96BEE /* SSCollectionViewMarkableControllerActivateTC.swift */; };
		2D7E5A40241FD0E5009EE074 /* SSCollectionViewMarkableControllerBaseTC.swift in Sources */ = {isa = PBXBuildFile; fileRef = 99B1A77E22441F9800D96BEE /* SSCollectionViewMarkableControllerBaseTC.swift */; };
		2D7E5A41241FD0E5009EE074 /* SSCollectionViewMarkableControllerDeactivateTC.swift in Sources */ = {isa = PBXBuildFile; fileRef = 99B1A78722443EC700D96BEE /* SSCollectionViewMarkableControllerDeactivateTC.swift */; };
		2D7E5A42241FD0E5009EE074 /* SSCollectionViewMarkableControllerDeactivateAlreadyDeactiveTC.swift in Sources */ = {isa = PBXBuildFile; fileRef = 99B1A785224431B200D96BEE /* SSCollectionViewMarkableControllerDeactivateAlreadyDeactiveTC.swift */; };
		2D7E5A43241FD0E5009EE074 /* SSCollectionViewMarkableControllerActivateAlreadyActiveTC.swift in Sources */ = {isa = PBXBuildFile; fileRef = 99B1A783224430CC00D96BEE /* SSCollectionViewMarkableControllerActivateAlreadyActiveTC.swift */; };
		2D7E5A44241FD0E5009EE074 /* SSCollectionViewMarkableControllerMarkTC.swift in Sources */ = {isa = PBXBuildFile; fileRef = 99B1A78B22465DA100D96BEE /* SSCollectionViewMarkableControllerMarkTC.swift */; };
		2D7E5A45241FD0E5009EE074 /* SSCollectionViewMarkableControllerMarkNonActiveTC.swift in Sources */ = {isa = PBXBuildFile; fileRef = 99B1A789224658D700D96BEE /* SSCollectionViewMarkableControllerMarkNonActiveTC.swift */; };
		2D7E5A46241FD0E5009EE074 /* SSMarkbaleCollectionCellHelperDeactivateDeactivatedTC.swift in Sources */ = {isa = PBXBuildFile; fileRef = 998F2DCE2244021C001FFA3A /* SSMarkbaleCollectionCellHelperDeactivateDeactivatedTC.swift */; };
		2D7E5A47241FD0E5009EE074 /* SSMarkbaleCollectionCellHelperDeactivateTC.swift in Sources */ = {isa = PBXBuildFile; fileRef = 998F2DCC224401EC001FFA3A /* SSMarkbaleCollectionCellHelperDeactivateTC.swift */; };
		2D7E5A48241FD0E5009EE074 /* SSMarkbaleCollectionCellHelperActivateActivatedTC.swift in Sources */ = {isa = PBXBuildFile; fileRef = 998F2DCA22440162001FFA3A /* SSMarkbaleCollectionCellHelperActivateActivatedTC.swift */; };
		2D7E5A49241FD0E5009EE074 /* SSMarkbaleCollectionCellHelperUnmarkNonMarkedTC.swift in Sources */ = {isa = PBXBuildFile; fileRef = 998F2DC82243F96E001FFA3A /* SSMarkbaleCollectionCellHelperUnmarkNonMarkedTC.swift */; };
		2D7E5A4A241FD0E5009EE074 /* SSMarkbaleCollectionCellHelperUnmarkTC.swift in Sources */ = {isa = PBXBuildFile; fileRef = 998F2DC62243F86B001FFA3A /* SSMarkbaleCollectionCellHelperUnmarkTC.swift */; };
		2D7E5A4B241FD0E5009EE074 /* SSMarkbaleCollectionCellHelperMarkMarkedTC.swift in Sources */ = {isa = PBXBuildFile; fileRef = 998F2DC42243F7FA001FFA3A /* SSMarkbaleCollectionCellHelperMarkMarkedTC.swift */; };
		2D7E5A4C241FD0E5009EE074 /* SSMarkbaleCollectionCellHelperBaseTC.swift in Sources */ = {isa = PBXBuildFile; fileRef = 99B1A7762241766C00D96BEE /* SSMarkbaleCollectionCellHelperBaseTC.swift */; };
		2D7E5A4D241FD0E5009EE074 /* SSMarkbaleCollectionCellHelperActivateTC.swift in Sources */ = {isa = PBXBuildFile; fileRef = 99B1A77C22417E1E00D96BEE /* SSMarkbaleCollectionCellHelperActivateTC.swift */; };
		2D7E5A4E241FD0E5009EE074 /* SSMarkbaleCollectionCellHelperMarkNonActiveTC.swift in Sources */ = {isa = PBXBuildFile; fileRef = 99B1A778224176D300D96BEE /* SSMarkbaleCollectionCellHelperMarkNonActiveTC.swift */; };
		2D7E5A4F241FD0E5009EE074 /* SSMarkbaleCollectionCellHelperMarkTC.swift in Sources */ = {isa = PBXBuildFile; fileRef = 996F380122417014007FF8B6 /* SSMarkbaleCollectionCellHelperMarkTC.swift */; };
		2D7E5A50241FD0E5009EE074 /* SSSugarPlaygroundTests.swift in Sources */ = {isa = PBXBuildFile; fileRef = 99B1A797224678B400D96BEE /* SSSugarPlaygroundTests.swift */; };
		2D7E5A51241FD0E5009EE074 /* SSSugarExtensionCGRectCuttedTests.swift in Sources */ = {isa = PBXBuildFile; fileRef = 99FA1FF52250FD2900C534E3 /* SSSugarExtensionCGRectCuttedTests.swift */; };
		2D7E5A52241FD0E5009EE074 /* SSSugarExtensionCGRectInitCenterSize.swift in Sources */ = {isa = PBXBuildFile; fileRef = 99FA1FF22250FA0D00C534E3 /* SSSugarExtensionCGRectInitCenterSize.swift */; };
		2D7E5A53241FD0E5009EE074 /* SSSugarExtensionCGRectInsetToWHTests.swift in Sources */ = {isa = PBXBuildFile; fileRef = 99FA1FF02250F46500C534E3 /* SSSugarExtensionCGRectInsetToWHTests.swift */; };
		2D7E5A54241FD0E5009EE074 /* SSSugarExtensionCGRectInsetToSizeTests.swift in Sources */ = {isa = PBXBuildFile; fileRef = 99FA1FEE2250F0AA00C534E3 /* SSSugarExtensionCGRectInsetToSizeTests.swift */; };
		2D7E5A55241FD0E5009EE074 /* SSSugarExtensionCGRectCenterTests.swift in Sources */ = {isa = PBXBuildFile; fileRef = 99FA1FEC22495A9400C534E3 /* SSSugarExtensionCGRectCenterTests.swift */; };
		2D7E5A56241FD0E5009EE074 /* SSSugarExtensionSizeUnitedIntersectedTests.swift in Sources */ = {isa = PBXBuildFile; fileRef = 997E315222493AC8006A5B7C /* SSSugarExtensionSizeUnitedIntersectedTests.swift */; };
		2D7E5A57241FD0E5009EE074 /* SSSugarExtensionColorInitTests.swift in Sources */ = {isa = PBXBuildFile; fileRef = 99FA1FE72249549D00C534E3 /* SSSugarExtensionColorInitTests.swift */; };
		2D7E5A58241FD0E5009EE074 /* SSSugarExtensionRangeMiddleTests.swift in Sources */ = {isa = PBXBuildFile; fileRef = 99FA1FE52249544B00C534E3 /* SSSugarExtensionRangeMiddleTests.swift */; };
		2D7E5A59241FD0E5009EE074 /* SSSugarExtensionContainersArrayForEachTests.swift in Sources */ = {isa = PBXBuildFile; fileRef = 99FA1D60226392A900AD2FB5 /* SSSugarExtensionContainersArrayForEachTests.swift */; };
		2D7E5A5A241FD0E5009EE074 /* SSSugarExtensionContainersArrayBinarySearchTests.swift in Sources */ = {isa = PBXBuildFile; fileRef = 99FA1D5C225A22FF00AD2FB5 /* SSSugarExtensionContainersArrayBinarySearchTests.swift */; };
		2D7E5A5B241FD0E5009EE074 /* SSSugarExtensionContainersArrayInitBuildBlockTests.swift in Sources */ = {isa = PBXBuildFile; fileRef = 997B344E225A134B00F2A3A0 /* SSSugarExtensionContainersArrayInitBuildBlockTests.swift */; };
		2D7E5A5C241FD0E5009EE074 /* SSSugarContainersAutoMapAddContainerTests.swift in Sources */ = {isa = PBXBuildFile; fileRef = 99DB1A7E229EE36D005C4823 /* SSSugarContainersAutoMapAddContainerTests.swift */; };
		2D7E5A5E241FD0E5009EE074 /* SSSugarContainersAutoMapSubsriptTests.swift in Sources */ = {isa = PBXBuildFile; fileRef = 99DB1A7A229ED9FC005C4823 /* SSSugarContainersAutoMapSubsriptTests.swift */; };
		2D7E5A5F241FD0E5009EE074 /* SSSugarContainersAutoMapContainTests.swift in Sources */ = {isa = PBXBuildFile; fileRef = 99DB1A78229ED6BB005C4823 /* SSSugarContainersAutoMapContainTests.swift */; };
		2D7E5A60241FD0E5009EE074 /* SSSugarContainersAutoMapAddTests.swift in Sources */ = {isa = PBXBuildFile; fileRef = 99F6A19B2295B11800183436 /* SSSugarContainersAutoMapAddTests.swift */; };
		2D7FD9F42420F73200D4C28F /* SSSugarContainersAutoMapHelper.swift in Sources */ = {isa = PBXBuildFile; fileRef = 2D7FD9F32420F73200D4C28F /* SSSugarContainersAutoMapHelper.swift */; };
		2D8CF9BC241FC4BA00168C8A /* SSSugar.framework in Frameworks */ = {isa = PBXBuildFile; fileRef = 99D2963E223D3057003FD9F0 /* SSSugar.framework */; };
		990A18A722E641F4008DCCF0 /* SSViewStyles.swift in Sources */ = {isa = PBXBuildFile; fileRef = 990A18A622E641F4008DCCF0 /* SSViewStyles.swift */; };
		99365D4423B251BE00C8A7DF /* SSViewTransitionAnimating.swift in Sources */ = {isa = PBXBuildFile; fileRef = 99365D4323B251BE00C8A7DF /* SSViewTransitionAnimating.swift */; };
		99365D4723B2530400C8A7DF /* SSScaleAndAlphaTransitionAnimator.swift in Sources */ = {isa = PBXBuildFile; fileRef = 99365D4623B2530400C8A7DF /* SSScaleAndAlphaTransitionAnimator.swift */; };
		9937E11423C60A6400F73905 /* SSViewShowHideAnimating.swift in Sources */ = {isa = PBXBuildFile; fileRef = 9937E11323C60A6400F73905 /* SSViewShowHideAnimating.swift */; };
		9937E11623C60B2900F73905 /* SSViewShowHideByAlphaAnimator.swift in Sources */ = {isa = PBXBuildFile; fileRef = 9937E11523C60B2900F73905 /* SSViewShowHideByAlphaAnimator.swift */; };
		9937E11923C61A1800F73905 /* SSProtectionViewHelper.swift in Sources */ = {isa = PBXBuildFile; fileRef = 9937E11823C61A1800F73905 /* SSProtectionViewHelper.swift */; };
		993BC5B92317CFB3008DCE98 /* SSAtomic.swift in Sources */ = {isa = PBXBuildFile; fileRef = 993BC5B82317CFB3008DCE98 /* SSAtomic.swift */; };
		993BC5BC2318028D008DCE98 /* Dictionary.swift in Sources */ = {isa = PBXBuildFile; fileRef = 993BC5BB2318028D008DCE98 /* Dictionary.swift */; };
		993E8A0E22E0C8BE00688555 /* SSDBStatementProcessor.swift in Sources */ = {isa = PBXBuildFile; fileRef = 993E8A0D22E0C8BE00688555 /* SSDBStatementProcessor.swift */; };
		9944ED5D22CF9D09005B129A /* SSDataBaseTransactionController.swift in Sources */ = {isa = PBXBuildFile; fileRef = 9944ED5C22CF9D09005B129A /* SSDataBaseTransactionController.swift */; };
		9944ED5F22CF9DC9005B129A /* SSDataBaseTransaction.swift in Sources */ = {isa = PBXBuildFile; fileRef = 9944ED5E22CF9DC9005B129A /* SSDataBaseTransaction.swift */; };
		9944ED6122CFA660005B129A /* SSReleaseDecorator.swift in Sources */ = {isa = PBXBuildFile; fileRef = 9944ED6022CFA660005B129A /* SSReleaseDecorator.swift */; };
		9944ED6322CFA6C6005B129A /* SSReleasable.swift in Sources */ = {isa = PBXBuildFile; fileRef = 9944ED6222CFA6C6005B129A /* SSReleasable.swift */; };
		9944ED6522CFA6E5005B129A /* SSTransacted.swift in Sources */ = {isa = PBXBuildFile; fileRef = 9944ED6422CFA6E5005B129A /* SSTransacted.swift */; };
		9947C43A22CA58C100AB3327 /* SSDataBase.swift in Sources */ = {isa = PBXBuildFile; fileRef = 9947C43922CA58C100AB3327 /* SSDataBase.swift */; };
		9947C43C22CA58D800AB3327 /* SSDataBaseProtocols.swift in Sources */ = {isa = PBXBuildFile; fileRef = 9947C43B22CA58D800AB3327 /* SSDataBaseProtocols.swift */; };
		9967832022D3906900E33300 /* SSDataBaseSavePoint.swift in Sources */ = {isa = PBXBuildFile; fileRef = 9967831F22D3906900E33300 /* SSDataBaseSavePoint.swift */; };
		9967832222D3955000E33300 /* SSCacheContainer.swift in Sources */ = {isa = PBXBuildFile; fileRef = 9967832122D3955000E33300 /* SSCacheContainer.swift */; };
		9967832422D3993D00E33300 /* SSDataBaseStatemntCache.swift in Sources */ = {isa = PBXBuildFile; fileRef = 9967832322D3993D00E33300 /* SSDataBaseStatemntCache.swift */; };
		9967832622D39B4000E33300 /* SSDataBaseStatementCacheHolder.swift in Sources */ = {isa = PBXBuildFile; fileRef = 9967832522D39B4000E33300 /* SSDataBaseStatementCacheHolder.swift */; };
		99713B9522EF555700EBD1FD /* UILabel.swift in Sources */ = {isa = PBXBuildFile; fileRef = 99713B9422EF555700EBD1FD /* UILabel.swift */; };
		99745CBC239FC0ED00DAAFFA /* SSEntityStorageMutator.swift in Sources */ = {isa = PBXBuildFile; fileRef = 99745CBB239FC0ED00DAAFFA /* SSEntityStorageMutator.swift */; };
		99745CBE239FC10900DAAFFA /* SSEntityRemoteMutator.swift in Sources */ = {isa = PBXBuildFile; fileRef = 99745CBD239FC10900DAAFFA /* SSEntityRemoteMutator.swift */; };
		99745CC0239FC69F00DAAFFA /* SSEntityUpdater.swift in Sources */ = {isa = PBXBuildFile; fileRef = 99745CBF239FC69F00DAAFFA /* SSEntityUpdater.swift */; };
		99745CC2239FC9B700DAAFFA /* SSUETaskUpdater.swift in Sources */ = {isa = PBXBuildFile; fileRef = 99745CC1239FC9B700DAAFFA /* SSUETaskUpdater.swift */; };
		998534B523CC8EE700FD9325 /* SSLinearCongruentialRandomizer.swift in Sources */ = {isa = PBXBuildFile; fileRef = 998534B423CC8EE700FD9325 /* SSLinearCongruentialRandomizer.swift */; };
		998534B723CCA6E300FD9325 /* Data.swift in Sources */ = {isa = PBXBuildFile; fileRef = 998534B623CCA6E300FD9325 /* Data.swift */; };
		99991DC122E6219000F3D294 /* SSDataBaseSavePointProxy.swift in Sources */ = {isa = PBXBuildFile; fileRef = 99991DC022E6219000F3D294 /* SSDataBaseSavePointProxy.swift */; };
		99991DC322E6219C00F3D294 /* SSDataBaseStatementProxy.swift in Sources */ = {isa = PBXBuildFile; fileRef = 99991DC222E6219C00F3D294 /* SSDataBaseStatementProxy.swift */; };
		99991DC622E624F900F3D294 /* SSReleaseDecoratorDBExtensions.swift in Sources */ = {isa = PBXBuildFile; fileRef = 99991DC522E624F900F3D294 /* SSReleaseDecoratorDBExtensions.swift */; };
		99A2EE8D22CA5D30001B2B28 /* SSDataBaseConnection.swift in Sources */ = {isa = PBXBuildFile; fileRef = 99A2EE8C22CA5D30001B2B28 /* SSDataBaseConnection.swift */; };
		99A2EEA722CCFAFE001B2B28 /* SSDataBaseStatement.swift in Sources */ = {isa = PBXBuildFile; fileRef = 99A2EEA622CCFAFE001B2B28 /* SSDataBaseStatement.swift */; };
		99AA28D223A295F700DA9C2F /* SSTaskProcessorExample.swift in Sources */ = {isa = PBXBuildFile; fileRef = 99AA28D123A295F700DA9C2F /* SSTaskProcessorExample.swift */; };
		99AA28D423A2A05400DA9C2F /* SSGroupDispatcher.swift in Sources */ = {isa = PBXBuildFile; fileRef = 99AA28D323A2A05400DA9C2F /* SSGroupDispatcher.swift */; };
		99AA28D623A2A88F00DA9C2F /* SSChainExecutor.swift in Sources */ = {isa = PBXBuildFile; fileRef = 99AA28D523A2A88F00DA9C2F /* SSChainExecutor.swift */; };
		99B1A7902246751300D96BEE /* Comparable.swift in Sources */ = {isa = PBXBuildFile; fileRef = 99B1A78F2246751300D96BEE /* Comparable.swift */; };
		99CBE33423B232BF000CE10D /* CGPoint.swift in Sources */ = {isa = PBXBuildFile; fileRef = 99CBE33323B232BF000CE10D /* CGPoint.swift */; };
		99D29643223D3057003FD9F0 /* SSSugar.h in Headers */ = {isa = PBXBuildFile; fileRef = 99D29641223D3057003FD9F0 /* SSSugar.h */; settings = {ATTRIBUTES = (Public, ); }; };
		99D2964F223D3107003FD9F0 /* SSRootView.swift in Sources */ = {isa = PBXBuildFile; fileRef = 99D2964D223D3107003FD9F0 /* SSRootView.swift */; };
		99D29650223D3107003FD9F0 /* SSRootViewController.swift in Sources */ = {isa = PBXBuildFile; fileRef = 99D2964E223D3107003FD9F0 /* SSRootViewController.swift */; };
		99D29656223D3681003FD9F0 /* SSTextField.swift in Sources */ = {isa = PBXBuildFile; fileRef = 99D29652223D3681003FD9F0 /* SSTextField.swift */; };
		99D29657223D3681003FD9F0 /* SSActivityProtectionView.swift in Sources */ = {isa = PBXBuildFile; fileRef = 99D29653223D3681003FD9F0 /* SSActivityProtectionView.swift */; };
		99D29658223D3681003FD9F0 /* SSWindow.swift in Sources */ = {isa = PBXBuildFile; fileRef = 99D29654223D3681003FD9F0 /* SSWindow.swift */; };
		99D29659223D3681003FD9F0 /* SSScrollContainerView.swift in Sources */ = {isa = PBXBuildFile; fileRef = 99D29655223D3681003FD9F0 /* SSScrollContainerView.swift */; };
		99D2965C223D3710003FD9F0 /* SSViewBlocking.swift in Sources */ = {isa = PBXBuildFile; fileRef = 99D2965B223D3710003FD9F0 /* SSViewBlocking.swift */; };
		99D29669223D3763003FD9F0 /* UIViewController.swift in Sources */ = {isa = PBXBuildFile; fileRef = 99D29660223D3763003FD9F0 /* UIViewController.swift */; };
		99D2966B223D3763003FD9F0 /* Common.swift in Sources */ = {isa = PBXBuildFile; fileRef = 99D29662223D3763003FD9F0 /* Common.swift */; };
		99D2966C223D3763003FD9F0 /* UIColor.swift in Sources */ = {isa = PBXBuildFile; fileRef = 99D29663223D3763003FD9F0 /* UIColor.swift */; };
		99D2966D223D3763003FD9F0 /* DispatchQueue.swift in Sources */ = {isa = PBXBuildFile; fileRef = 99D29664223D3763003FD9F0 /* DispatchQueue.swift */; };
		99D2966E223D3763003FD9F0 /* CGRect.swift in Sources */ = {isa = PBXBuildFile; fileRef = 99D29665223D3763003FD9F0 /* CGRect.swift */; };
		99D2966F223D3763003FD9F0 /* UIView.swift in Sources */ = {isa = PBXBuildFile; fileRef = 99D29666223D3763003FD9F0 /* UIView.swift */; };
		99D29670223D3763003FD9F0 /* UIButton.swift in Sources */ = {isa = PBXBuildFile; fileRef = 99D29667223D3763003FD9F0 /* UIButton.swift */; };
		99D70DA5239A8B4E00EA96B4 /* SSUETask.swift in Sources */ = {isa = PBXBuildFile; fileRef = 99D70DA4239A8B4E00EA96B4 /* SSUETask.swift */; };
		99D70DA7239A8C3300EA96B4 /* SSUETaskUpdate.swift in Sources */ = {isa = PBXBuildFile; fileRef = 99D70DA6239A8C3300EA96B4 /* SSUETaskUpdate.swift */; };
		99D70DA9239A8FC100EA96B4 /* SSExecutor.swift in Sources */ = {isa = PBXBuildFile; fileRef = 99D70DA8239A8FC100EA96B4 /* SSExecutor.swift */; };
		99D70DB4239AAF7700EA96B4 /* SSUETaskProcessor.swift in Sources */ = {isa = PBXBuildFile; fileRef = 99D70DB3239AAF7700EA96B4 /* SSUETaskProcessor.swift */; };
		99D70DB6239AB66900EA96B4 /* SSEntityMutator.swift in Sources */ = {isa = PBXBuildFile; fileRef = 99D70DB5239AB66900EA96B4 /* SSEntityMutator.swift */; };
		99E27B56239EAA0F00CC5984 /* SSUETaskDBMutator.swift in Sources */ = {isa = PBXBuildFile; fileRef = 99E27B55239EAA0F00CC5984 /* SSUETaskDBMutator.swift */; };
		99E27B58239EAAA400CC5984 /* SSUETaskMutator.swift in Sources */ = {isa = PBXBuildFile; fileRef = 99E27B57239EAAA400CC5984 /* SSUETaskMutator.swift */; };
		99E27B5A239EB01800CC5984 /* SSUETaskRemoteMutator.swift in Sources */ = {isa = PBXBuildFile; fileRef = 99E27B59239EB01800CC5984 /* SSUETaskRemoteMutator.swift */; };
		99E27B5C239FA13A00CC5984 /* SSEntityOfflineMutator.swift in Sources */ = {isa = PBXBuildFile; fileRef = 99E27B5B239FA13A00CC5984 /* SSEntityOfflineMutator.swift */; };
		99E36E08232137F9005E6C05 /* SSUpdate.swift in Sources */ = {isa = PBXBuildFile; fileRef = 99E36E07232137F9005E6C05 /* SSUpdate.swift */; };
		99E36E0A23213A1B005E6C05 /* SSUpdateCenter.swift in Sources */ = {isa = PBXBuildFile; fileRef = 99E36E0923213A1B005E6C05 /* SSUpdateCenter.swift */; };
		99E36E0D23213C90005E6C05 /* SSEntityProcessor.swift in Sources */ = {isa = PBXBuildFile; fileRef = 99E36E0C23213C90005E6C05 /* SSEntityProcessor.swift */; };
		99E36E4423225356005E6C05 /* SSCertificatePinner.swift in Sources */ = {isa = PBXBuildFile; fileRef = 99E36E4323225356005E6C05 /* SSCertificatePinner.swift */; };
		99E36E462322539C005E6C05 /* URLSession.swift in Sources */ = {isa = PBXBuildFile; fileRef = 99E36E452322539C005E6C05 /* URLSession.swift */; };
		99E36E4923225DB6005E6C05 /* SSCertificatesObtainer.swift in Sources */ = {isa = PBXBuildFile; fileRef = 99E36E4823225DB6005E6C05 /* SSCertificatesObtainer.swift */; };
		99E36E7723293933005E6C05 /* SSSugar.podspec in Resources */ = {isa = PBXBuildFile; fileRef = 99E36E7623293932005E6C05 /* SSSugar.podspec */; };
		99E3BA4122FB26290023D9AE /* SSCopying.swift in Sources */ = {isa = PBXBuildFile; fileRef = 99E3BA4022FB26290023D9AE /* SSCopying.swift */; };
		99E85E292240F3A0005E2B13 /* SSCollectionViewMarkable.swift in Sources */ = {isa = PBXBuildFile; fileRef = 99E85E282240F3A0005E2B13 /* SSCollectionViewMarkable.swift */; };
		99E85E2B2240F5AC005E2B13 /* SSCollectionViewMarkableController.swift in Sources */ = {isa = PBXBuildFile; fileRef = 99E85E2A2240F5AC005E2B13 /* SSCollectionViewMarkableController.swift */; };
		99E85E2D224103C6005E2B13 /* Array.swift in Sources */ = {isa = PBXBuildFile; fileRef = 99E85E2C224103C6005E2B13 /* Array.swift */; };
		99E85E2F22410806005E2B13 /* Range.swift in Sources */ = {isa = PBXBuildFile; fileRef = 99E85E2E22410806005E2B13 /* Range.swift */; };
		99E85E3122411583005E2B13 /* UITableVIew.swift in Sources */ = {isa = PBXBuildFile; fileRef = 99E85E3022411583005E2B13 /* UITableVIew.swift */; };
		99EABD7A22401B8A0037645B /* SSCollectionViewCellMarkable.swift in Sources */ = {isa = PBXBuildFile; fileRef = 99EABD7922401B8A0037645B /* SSCollectionViewCellMarkable.swift */; };
		99EABD7C22401D550037645B /* SSMarkbaleCollectionCellHelper.swift in Sources */ = {isa = PBXBuildFile; fileRef = 99EABD7B22401D550037645B /* SSMarkbaleCollectionCellHelper.swift */; };
		99EABD7E22401EF60037645B /* SSSelectionMarkView.swift in Sources */ = {isa = PBXBuildFile; fileRef = 99EABD7D22401EF60037645B /* SSSelectionMarkView.swift */; };
		99EABD80224025CC0037645B /* CGSize.swift in Sources */ = {isa = PBXBuildFile; fileRef = 99EABD7F224025CC0037645B /* CGSize.swift */; };
		99EDE7A222AD2397002BD904 /* SSProgressView.swift in Sources */ = {isa = PBXBuildFile; fileRef = 99EDE7A122AD2397002BD904 /* SSProgressView.swift */; };
		99F3F41C23ABBD97003C88D9 /* String.swift in Sources */ = {isa = PBXBuildFile; fileRef = 99F3F41B23ABBD97003C88D9 /* String.swift */; };
		99F3F41E23ABBDE7003C88D9 /* UIDevice.swift in Sources */ = {isa = PBXBuildFile; fileRef = 99F3F41D23ABBDE7003C88D9 /* UIDevice.swift */; };
		99F6A187228981CE00183436 /* AutoMap.swift in Sources */ = {isa = PBXBuildFile; fileRef = 99F6A186228981CE00183436 /* AutoMap.swift */; };
/* End PBXBuildFile section */

/* Begin PBXContainerItemProxy section */
		2D8CF9BD241FC4BA00168C8A /* PBXContainerItemProxy */ = {
			isa = PBXContainerItemProxy;
			containerPortal = 99D29635223D3057003FD9F0 /* Project object */;
			proxyType = 1;
			remoteGlobalIDString = 99D2963D223D3057003FD9F0;
			remoteInfo = SSSugar;
		};
/* End PBXContainerItemProxy section */

/* Begin PBXFileReference section */
		2D4398A724222AAB00D01464 /* SSSugarContainersAutoMapInitTests.swift */ = {isa = PBXFileReference; fileEncoding = 4; lastKnownFileType = sourcecode.swift; path = SSSugarContainersAutoMapInitTests.swift; sourceTree = "<group>"; };
		2D7FD9F32420F73200D4C28F /* SSSugarContainersAutoMapHelper.swift */ = {isa = PBXFileReference; lastKnownFileType = sourcecode.swift; path = SSSugarContainersAutoMapHelper.swift; sourceTree = "<group>"; };
		2D8CF9B7241FC4BA00168C8A /* SSSugarTests.xctest */ = {isa = PBXFileReference; explicitFileType = wrapper.cfbundle; includeInIndex = 0; path = SSSugarTests.xctest; sourceTree = BUILT_PRODUCTS_DIR; };
		2D8CF9BB241FC4BA00168C8A /* Info.plist */ = {isa = PBXFileReference; lastKnownFileType = text.plist.xml; path = Info.plist; sourceTree = "<group>"; };
		990A18A622E641F4008DCCF0 /* SSViewStyles.swift */ = {isa = PBXFileReference; lastKnownFileType = sourcecode.swift; path = SSViewStyles.swift; sourceTree = "<group>"; };
		99365D4323B251BE00C8A7DF /* SSViewTransitionAnimating.swift */ = {isa = PBXFileReference; lastKnownFileType = sourcecode.swift; path = SSViewTransitionAnimating.swift; sourceTree = "<group>"; };
		99365D4623B2530400C8A7DF /* SSScaleAndAlphaTransitionAnimator.swift */ = {isa = PBXFileReference; lastKnownFileType = sourcecode.swift; path = SSScaleAndAlphaTransitionAnimator.swift; sourceTree = "<group>"; };
		9937E11323C60A6400F73905 /* SSViewShowHideAnimating.swift */ = {isa = PBXFileReference; lastKnownFileType = sourcecode.swift; path = SSViewShowHideAnimating.swift; sourceTree = "<group>"; };
		9937E11523C60B2900F73905 /* SSViewShowHideByAlphaAnimator.swift */ = {isa = PBXFileReference; lastKnownFileType = sourcecode.swift; path = SSViewShowHideByAlphaAnimator.swift; sourceTree = "<group>"; };
		9937E11823C61A1800F73905 /* SSProtectionViewHelper.swift */ = {isa = PBXFileReference; lastKnownFileType = sourcecode.swift; path = SSProtectionViewHelper.swift; sourceTree = "<group>"; };
		993BC5B82317CFB3008DCE98 /* SSAtomic.swift */ = {isa = PBXFileReference; lastKnownFileType = sourcecode.swift; path = SSAtomic.swift; sourceTree = "<group>"; };
		993BC5BB2318028D008DCE98 /* Dictionary.swift */ = {isa = PBXFileReference; lastKnownFileType = sourcecode.swift; path = Dictionary.swift; sourceTree = "<group>"; };
		993E8A0D22E0C8BE00688555 /* SSDBStatementProcessor.swift */ = {isa = PBXFileReference; lastKnownFileType = sourcecode.swift; path = SSDBStatementProcessor.swift; sourceTree = "<group>"; };
		9944ED5C22CF9D09005B129A /* SSDataBaseTransactionController.swift */ = {isa = PBXFileReference; lastKnownFileType = sourcecode.swift; path = SSDataBaseTransactionController.swift; sourceTree = "<group>"; };
		9944ED5E22CF9DC9005B129A /* SSDataBaseTransaction.swift */ = {isa = PBXFileReference; lastKnownFileType = sourcecode.swift; path = SSDataBaseTransaction.swift; sourceTree = "<group>"; };
		9944ED6022CFA660005B129A /* SSReleaseDecorator.swift */ = {isa = PBXFileReference; lastKnownFileType = sourcecode.swift; path = SSReleaseDecorator.swift; sourceTree = "<group>"; };
		9944ED6222CFA6C6005B129A /* SSReleasable.swift */ = {isa = PBXFileReference; lastKnownFileType = sourcecode.swift; path = SSReleasable.swift; sourceTree = "<group>"; };
		9944ED6422CFA6E5005B129A /* SSTransacted.swift */ = {isa = PBXFileReference; lastKnownFileType = sourcecode.swift; path = SSTransacted.swift; sourceTree = "<group>"; };
		9947C43922CA58C100AB3327 /* SSDataBase.swift */ = {isa = PBXFileReference; lastKnownFileType = sourcecode.swift; path = SSDataBase.swift; sourceTree = "<group>"; };
		9947C43B22CA58D800AB3327 /* SSDataBaseProtocols.swift */ = {isa = PBXFileReference; lastKnownFileType = sourcecode.swift; path = SSDataBaseProtocols.swift; sourceTree = "<group>"; };
		9967831F22D3906900E33300 /* SSDataBaseSavePoint.swift */ = {isa = PBXFileReference; lastKnownFileType = sourcecode.swift; path = SSDataBaseSavePoint.swift; sourceTree = "<group>"; };
		9967832122D3955000E33300 /* SSCacheContainer.swift */ = {isa = PBXFileReference; lastKnownFileType = sourcecode.swift; path = SSCacheContainer.swift; sourceTree = "<group>"; };
		9967832322D3993D00E33300 /* SSDataBaseStatemntCache.swift */ = {isa = PBXFileReference; lastKnownFileType = sourcecode.swift; path = SSDataBaseStatemntCache.swift; sourceTree = "<group>"; };
		9967832522D39B4000E33300 /* SSDataBaseStatementCacheHolder.swift */ = {isa = PBXFileReference; lastKnownFileType = sourcecode.swift; path = SSDataBaseStatementCacheHolder.swift; sourceTree = "<group>"; };
		996F380122417014007FF8B6 /* SSMarkbaleCollectionCellHelperMarkTC.swift */ = {isa = PBXFileReference; lastKnownFileType = sourcecode.swift; path = SSMarkbaleCollectionCellHelperMarkTC.swift; sourceTree = "<group>"; };
		99713B9422EF555700EBD1FD /* UILabel.swift */ = {isa = PBXFileReference; lastKnownFileType = sourcecode.swift; path = UILabel.swift; sourceTree = "<group>"; };
		99745CBB239FC0ED00DAAFFA /* SSEntityStorageMutator.swift */ = {isa = PBXFileReference; lastKnownFileType = sourcecode.swift; path = SSEntityStorageMutator.swift; sourceTree = "<group>"; };
		99745CBD239FC10900DAAFFA /* SSEntityRemoteMutator.swift */ = {isa = PBXFileReference; lastKnownFileType = sourcecode.swift; path = SSEntityRemoteMutator.swift; sourceTree = "<group>"; };
		99745CBF239FC69F00DAAFFA /* SSEntityUpdater.swift */ = {isa = PBXFileReference; lastKnownFileType = sourcecode.swift; path = SSEntityUpdater.swift; sourceTree = "<group>"; };
		99745CC1239FC9B700DAAFFA /* SSUETaskUpdater.swift */ = {isa = PBXFileReference; lastKnownFileType = sourcecode.swift; path = SSUETaskUpdater.swift; sourceTree = "<group>"; };
		997B344E225A134B00F2A3A0 /* SSSugarExtensionContainersArrayInitBuildBlockTests.swift */ = {isa = PBXFileReference; lastKnownFileType = sourcecode.swift; path = SSSugarExtensionContainersArrayInitBuildBlockTests.swift; sourceTree = "<group>"; };
		997E315222493AC8006A5B7C /* SSSugarExtensionSizeUnitedIntersectedTests.swift */ = {isa = PBXFileReference; lastKnownFileType = sourcecode.swift; path = SSSugarExtensionSizeUnitedIntersectedTests.swift; sourceTree = "<group>"; };
		998534B423CC8EE700FD9325 /* SSLinearCongruentialRandomizer.swift */ = {isa = PBXFileReference; lastKnownFileType = sourcecode.swift; path = SSLinearCongruentialRandomizer.swift; sourceTree = "<group>"; };
		998534B623CCA6E300FD9325 /* Data.swift */ = {isa = PBXFileReference; lastKnownFileType = sourcecode.swift; path = Data.swift; sourceTree = "<group>"; };
		998F2DC42243F7FA001FFA3A /* SSMarkbaleCollectionCellHelperMarkMarkedTC.swift */ = {isa = PBXFileReference; lastKnownFileType = sourcecode.swift; path = SSMarkbaleCollectionCellHelperMarkMarkedTC.swift; sourceTree = "<group>"; };
		998F2DC62243F86B001FFA3A /* SSMarkbaleCollectionCellHelperUnmarkTC.swift */ = {isa = PBXFileReference; lastKnownFileType = sourcecode.swift; path = SSMarkbaleCollectionCellHelperUnmarkTC.swift; sourceTree = "<group>"; };
		998F2DC82243F96E001FFA3A /* SSMarkbaleCollectionCellHelperUnmarkNonMarkedTC.swift */ = {isa = PBXFileReference; lastKnownFileType = sourcecode.swift; path = SSMarkbaleCollectionCellHelperUnmarkNonMarkedTC.swift; sourceTree = "<group>"; };
		998F2DCA22440162001FFA3A /* SSMarkbaleCollectionCellHelperActivateActivatedTC.swift */ = {isa = PBXFileReference; lastKnownFileType = sourcecode.swift; path = SSMarkbaleCollectionCellHelperActivateActivatedTC.swift; sourceTree = "<group>"; };
		998F2DCC224401EC001FFA3A /* SSMarkbaleCollectionCellHelperDeactivateTC.swift */ = {isa = PBXFileReference; lastKnownFileType = sourcecode.swift; path = SSMarkbaleCollectionCellHelperDeactivateTC.swift; sourceTree = "<group>"; };
		998F2DCE2244021C001FFA3A /* SSMarkbaleCollectionCellHelperDeactivateDeactivatedTC.swift */ = {isa = PBXFileReference; lastKnownFileType = sourcecode.swift; path = SSMarkbaleCollectionCellHelperDeactivateDeactivatedTC.swift; sourceTree = "<group>"; };
		99991DC022E6219000F3D294 /* SSDataBaseSavePointProxy.swift */ = {isa = PBXFileReference; lastKnownFileType = sourcecode.swift; path = SSDataBaseSavePointProxy.swift; sourceTree = "<group>"; };
		99991DC222E6219C00F3D294 /* SSDataBaseStatementProxy.swift */ = {isa = PBXFileReference; lastKnownFileType = sourcecode.swift; path = SSDataBaseStatementProxy.swift; sourceTree = "<group>"; };
		99991DC522E624F900F3D294 /* SSReleaseDecoratorDBExtensions.swift */ = {isa = PBXFileReference; lastKnownFileType = sourcecode.swift; path = SSReleaseDecoratorDBExtensions.swift; sourceTree = "<group>"; };
		99A2EE8C22CA5D30001B2B28 /* SSDataBaseConnection.swift */ = {isa = PBXFileReference; lastKnownFileType = sourcecode.swift; path = SSDataBaseConnection.swift; sourceTree = "<group>"; };
		99A2EEA622CCFAFE001B2B28 /* SSDataBaseStatement.swift */ = {isa = PBXFileReference; lastKnownFileType = sourcecode.swift; path = SSDataBaseStatement.swift; sourceTree = "<group>"; };
		99AA28D123A295F700DA9C2F /* SSTaskProcessorExample.swift */ = {isa = PBXFileReference; lastKnownFileType = sourcecode.swift; path = SSTaskProcessorExample.swift; sourceTree = "<group>"; };
		99AA28D323A2A05400DA9C2F /* SSGroupDispatcher.swift */ = {isa = PBXFileReference; lastKnownFileType = sourcecode.swift; path = SSGroupDispatcher.swift; sourceTree = "<group>"; };
		99AA28D523A2A88F00DA9C2F /* SSChainExecutor.swift */ = {isa = PBXFileReference; lastKnownFileType = sourcecode.swift; path = SSChainExecutor.swift; sourceTree = "<group>"; };
		99AB345522454466004959B1 /* SSCollectionViewMarkableControllerConfigCellNonActvieTC.swift */ = {isa = PBXFileReference; lastKnownFileType = sourcecode.swift; path = SSCollectionViewMarkableControllerConfigCellNonActvieTC.swift; sourceTree = "<group>"; };
		99AB3459224547BF004959B1 /* SSCollectionViewMarkableControllerConfigCellTC.swift */ = {isa = PBXFileReference; lastKnownFileType = sourcecode.swift; path = SSCollectionViewMarkableControllerConfigCellTC.swift; sourceTree = "<group>"; };
		99B1A7762241766C00D96BEE /* SSMarkbaleCollectionCellHelperBaseTC.swift */ = {isa = PBXFileReference; lastKnownFileType = sourcecode.swift; path = SSMarkbaleCollectionCellHelperBaseTC.swift; sourceTree = "<group>"; };
		99B1A778224176D300D96BEE /* SSMarkbaleCollectionCellHelperMarkNonActiveTC.swift */ = {isa = PBXFileReference; lastKnownFileType = sourcecode.swift; path = SSMarkbaleCollectionCellHelperMarkNonActiveTC.swift; sourceTree = "<group>"; };
		99B1A77C22417E1E00D96BEE /* SSMarkbaleCollectionCellHelperActivateTC.swift */ = {isa = PBXFileReference; lastKnownFileType = sourcecode.swift; path = SSMarkbaleCollectionCellHelperActivateTC.swift; sourceTree = "<group>"; };
		99B1A77E22441F9800D96BEE /* SSCollectionViewMarkableControllerBaseTC.swift */ = {isa = PBXFileReference; lastKnownFileType = sourcecode.swift; path = SSCollectionViewMarkableControllerBaseTC.swift; sourceTree = "<group>"; };
		99B1A78122442BD600D96BEE /* SSCollectionViewMarkableControllerActivateTC.swift */ = {isa = PBXFileReference; lastKnownFileType = sourcecode.swift; path = SSCollectionViewMarkableControllerActivateTC.swift; sourceTree = "<group>"; };
		99B1A783224430CC00D96BEE /* SSCollectionViewMarkableControllerActivateAlreadyActiveTC.swift */ = {isa = PBXFileReference; lastKnownFileType = sourcecode.swift; path = SSCollectionViewMarkableControllerActivateAlreadyActiveTC.swift; sourceTree = "<group>"; };
		99B1A785224431B200D96BEE /* SSCollectionViewMarkableControllerDeactivateAlreadyDeactiveTC.swift */ = {isa = PBXFileReference; lastKnownFileType = sourcecode.swift; path = SSCollectionViewMarkableControllerDeactivateAlreadyDeactiveTC.swift; sourceTree = "<group>"; };
		99B1A78722443EC700D96BEE /* SSCollectionViewMarkableControllerDeactivateTC.swift */ = {isa = PBXFileReference; lastKnownFileType = sourcecode.swift; path = SSCollectionViewMarkableControllerDeactivateTC.swift; sourceTree = "<group>"; };
		99B1A789224658D700D96BEE /* SSCollectionViewMarkableControllerMarkNonActiveTC.swift */ = {isa = PBXFileReference; lastKnownFileType = sourcecode.swift; path = SSCollectionViewMarkableControllerMarkNonActiveTC.swift; sourceTree = "<group>"; };
		99B1A78B22465DA100D96BEE /* SSCollectionViewMarkableControllerMarkTC.swift */ = {isa = PBXFileReference; lastKnownFileType = sourcecode.swift; path = SSCollectionViewMarkableControllerMarkTC.swift; sourceTree = "<group>"; };
		99B1A78F2246751300D96BEE /* Comparable.swift */ = {isa = PBXFileReference; lastKnownFileType = sourcecode.swift; path = Comparable.swift; sourceTree = "<group>"; };
		99B1A797224678B400D96BEE /* SSSugarPlaygroundTests.swift */ = {isa = PBXFileReference; lastKnownFileType = sourcecode.swift; path = SSSugarPlaygroundTests.swift; sourceTree = "<group>"; };
		99B1A7A022467D8900D96BEE /* SSCollectionViewMarkableControllerMarkAlreadyMarkedTC.swift */ = {isa = PBXFileReference; lastKnownFileType = sourcecode.swift; path = SSCollectionViewMarkableControllerMarkAlreadyMarkedTC.swift; sourceTree = "<group>"; };
		99CBE33323B232BF000CE10D /* CGPoint.swift */ = {isa = PBXFileReference; lastKnownFileType = sourcecode.swift; path = CGPoint.swift; sourceTree = "<group>"; };
		99D2963E223D3057003FD9F0 /* SSSugar.framework */ = {isa = PBXFileReference; explicitFileType = wrapper.framework; includeInIndex = 0; path = SSSugar.framework; sourceTree = BUILT_PRODUCTS_DIR; };
		99D29641223D3057003FD9F0 /* SSSugar.h */ = {isa = PBXFileReference; lastKnownFileType = sourcecode.c.h; path = SSSugar.h; sourceTree = "<group>"; };
		99D29642223D3057003FD9F0 /* Info.plist */ = {isa = PBXFileReference; lastKnownFileType = text.plist.xml; path = Info.plist; sourceTree = "<group>"; };
		99D2964D223D3107003FD9F0 /* SSRootView.swift */ = {isa = PBXFileReference; fileEncoding = 4; lastKnownFileType = sourcecode.swift; path = SSRootView.swift; sourceTree = "<group>"; };
		99D2964E223D3107003FD9F0 /* SSRootViewController.swift */ = {isa = PBXFileReference; fileEncoding = 4; lastKnownFileType = sourcecode.swift; path = SSRootViewController.swift; sourceTree = "<group>"; };
		99D29652223D3681003FD9F0 /* SSTextField.swift */ = {isa = PBXFileReference; fileEncoding = 4; lastKnownFileType = sourcecode.swift; path = SSTextField.swift; sourceTree = "<group>"; };
		99D29653223D3681003FD9F0 /* SSActivityProtectionView.swift */ = {isa = PBXFileReference; fileEncoding = 4; lastKnownFileType = sourcecode.swift; path = SSActivityProtectionView.swift; sourceTree = "<group>"; };
		99D29654223D3681003FD9F0 /* SSWindow.swift */ = {isa = PBXFileReference; fileEncoding = 4; lastKnownFileType = sourcecode.swift; path = SSWindow.swift; sourceTree = "<group>"; };
		99D29655223D3681003FD9F0 /* SSScrollContainerView.swift */ = {isa = PBXFileReference; fileEncoding = 4; lastKnownFileType = sourcecode.swift; path = SSScrollContainerView.swift; sourceTree = "<group>"; };
		99D2965B223D3710003FD9F0 /* SSViewBlocking.swift */ = {isa = PBXFileReference; fileEncoding = 4; lastKnownFileType = sourcecode.swift; path = SSViewBlocking.swift; sourceTree = "<group>"; };
		99D29660223D3763003FD9F0 /* UIViewController.swift */ = {isa = PBXFileReference; fileEncoding = 4; lastKnownFileType = sourcecode.swift; path = UIViewController.swift; sourceTree = "<group>"; };
		99D29662223D3763003FD9F0 /* Common.swift */ = {isa = PBXFileReference; fileEncoding = 4; lastKnownFileType = sourcecode.swift; path = Common.swift; sourceTree = "<group>"; };
		99D29663223D3763003FD9F0 /* UIColor.swift */ = {isa = PBXFileReference; fileEncoding = 4; lastKnownFileType = sourcecode.swift; path = UIColor.swift; sourceTree = "<group>"; };
		99D29664223D3763003FD9F0 /* DispatchQueue.swift */ = {isa = PBXFileReference; fileEncoding = 4; lastKnownFileType = sourcecode.swift; path = DispatchQueue.swift; sourceTree = "<group>"; };
		99D29665223D3763003FD9F0 /* CGRect.swift */ = {isa = PBXFileReference; fileEncoding = 4; lastKnownFileType = sourcecode.swift; path = CGRect.swift; sourceTree = "<group>"; };
		99D29666223D3763003FD9F0 /* UIView.swift */ = {isa = PBXFileReference; fileEncoding = 4; lastKnownFileType = sourcecode.swift; path = UIView.swift; sourceTree = "<group>"; };
		99D29667223D3763003FD9F0 /* UIButton.swift */ = {isa = PBXFileReference; fileEncoding = 4; lastKnownFileType = sourcecode.swift; path = UIButton.swift; sourceTree = "<group>"; };
		99D70DA4239A8B4E00EA96B4 /* SSUETask.swift */ = {isa = PBXFileReference; lastKnownFileType = sourcecode.swift; path = SSUETask.swift; sourceTree = "<group>"; };
		99D70DA6239A8C3300EA96B4 /* SSUETaskUpdate.swift */ = {isa = PBXFileReference; lastKnownFileType = sourcecode.swift; path = SSUETaskUpdate.swift; sourceTree = "<group>"; };
		99D70DA8239A8FC100EA96B4 /* SSExecutor.swift */ = {isa = PBXFileReference; lastKnownFileType = sourcecode.swift; path = SSExecutor.swift; sourceTree = "<group>"; };
		99D70DB3239AAF7700EA96B4 /* SSUETaskProcessor.swift */ = {isa = PBXFileReference; lastKnownFileType = sourcecode.swift; path = SSUETaskProcessor.swift; sourceTree = "<group>"; };
		99D70DB5239AB66900EA96B4 /* SSEntityMutator.swift */ = {isa = PBXFileReference; lastKnownFileType = sourcecode.swift; path = SSEntityMutator.swift; sourceTree = "<group>"; };
		99DB1A78229ED6BB005C4823 /* SSSugarContainersAutoMapContainTests.swift */ = {isa = PBXFileReference; lastKnownFileType = sourcecode.swift; path = SSSugarContainersAutoMapContainTests.swift; sourceTree = "<group>"; };
		99DB1A7A229ED9FC005C4823 /* SSSugarContainersAutoMapSubsriptTests.swift */ = {isa = PBXFileReference; lastKnownFileType = sourcecode.swift; path = SSSugarContainersAutoMapSubsriptTests.swift; sourceTree = "<group>"; };
		99DB1A7E229EE36D005C4823 /* SSSugarContainersAutoMapAddContainerTests.swift */ = {isa = PBXFileReference; lastKnownFileType = sourcecode.swift; path = SSSugarContainersAutoMapAddContainerTests.swift; sourceTree = "<group>"; };
		99E27B55239EAA0F00CC5984 /* SSUETaskDBMutator.swift */ = {isa = PBXFileReference; lastKnownFileType = sourcecode.swift; path = SSUETaskDBMutator.swift; sourceTree = "<group>"; };
		99E27B57239EAAA400CC5984 /* SSUETaskMutator.swift */ = {isa = PBXFileReference; lastKnownFileType = sourcecode.swift; path = SSUETaskMutator.swift; sourceTree = "<group>"; };
		99E27B59239EB01800CC5984 /* SSUETaskRemoteMutator.swift */ = {isa = PBXFileReference; lastKnownFileType = sourcecode.swift; path = SSUETaskRemoteMutator.swift; sourceTree = "<group>"; };
		99E27B5B239FA13A00CC5984 /* SSEntityOfflineMutator.swift */ = {isa = PBXFileReference; lastKnownFileType = sourcecode.swift; path = SSEntityOfflineMutator.swift; sourceTree = "<group>"; };
		99E36E07232137F9005E6C05 /* SSUpdate.swift */ = {isa = PBXFileReference; lastKnownFileType = sourcecode.swift; path = SSUpdate.swift; sourceTree = "<group>"; };
		99E36E0923213A1B005E6C05 /* SSUpdateCenter.swift */ = {isa = PBXFileReference; lastKnownFileType = sourcecode.swift; path = SSUpdateCenter.swift; sourceTree = "<group>"; };
		99E36E0C23213C90005E6C05 /* SSEntityProcessor.swift */ = {isa = PBXFileReference; lastKnownFileType = sourcecode.swift; path = SSEntityProcessor.swift; sourceTree = "<group>"; };
		99E36E4323225356005E6C05 /* SSCertificatePinner.swift */ = {isa = PBXFileReference; lastKnownFileType = sourcecode.swift; path = SSCertificatePinner.swift; sourceTree = "<group>"; };
		99E36E452322539C005E6C05 /* URLSession.swift */ = {isa = PBXFileReference; lastKnownFileType = sourcecode.swift; path = URLSession.swift; sourceTree = "<group>"; };
		99E36E4823225DB6005E6C05 /* SSCertificatesObtainer.swift */ = {isa = PBXFileReference; lastKnownFileType = sourcecode.swift; path = SSCertificatesObtainer.swift; sourceTree = "<group>"; };
		99E36E7623293932005E6C05 /* SSSugar.podspec */ = {isa = PBXFileReference; fileEncoding = 4; lastKnownFileType = text; path = SSSugar.podspec; sourceTree = "<group>"; };
		99E3BA4022FB26290023D9AE /* SSCopying.swift */ = {isa = PBXFileReference; lastKnownFileType = sourcecode.swift; path = SSCopying.swift; sourceTree = "<group>"; };
		99E85E282240F3A0005E2B13 /* SSCollectionViewMarkable.swift */ = {isa = PBXFileReference; lastKnownFileType = sourcecode.swift; path = SSCollectionViewMarkable.swift; sourceTree = "<group>"; };
		99E85E2A2240F5AC005E2B13 /* SSCollectionViewMarkableController.swift */ = {isa = PBXFileReference; lastKnownFileType = sourcecode.swift; path = SSCollectionViewMarkableController.swift; sourceTree = "<group>"; };
		99E85E2C224103C6005E2B13 /* Array.swift */ = {isa = PBXFileReference; lastKnownFileType = sourcecode.swift; path = Array.swift; sourceTree = "<group>"; };
		99E85E2E22410806005E2B13 /* Range.swift */ = {isa = PBXFileReference; lastKnownFileType = sourcecode.swift; path = Range.swift; sourceTree = "<group>"; };
		99E85E3022411583005E2B13 /* UITableVIew.swift */ = {isa = PBXFileReference; lastKnownFileType = sourcecode.swift; path = UITableVIew.swift; sourceTree = "<group>"; };
		99EABD7922401B8A0037645B /* SSCollectionViewCellMarkable.swift */ = {isa = PBXFileReference; lastKnownFileType = sourcecode.swift; path = SSCollectionViewCellMarkable.swift; sourceTree = "<group>"; };
		99EABD7B22401D550037645B /* SSMarkbaleCollectionCellHelper.swift */ = {isa = PBXFileReference; lastKnownFileType = sourcecode.swift; path = SSMarkbaleCollectionCellHelper.swift; sourceTree = "<group>"; };
		99EABD7D22401EF60037645B /* SSSelectionMarkView.swift */ = {isa = PBXFileReference; lastKnownFileType = sourcecode.swift; path = SSSelectionMarkView.swift; sourceTree = "<group>"; };
		99EABD7F224025CC0037645B /* CGSize.swift */ = {isa = PBXFileReference; lastKnownFileType = sourcecode.swift; path = CGSize.swift; sourceTree = "<group>"; };
		99EDE7A122AD2397002BD904 /* SSProgressView.swift */ = {isa = PBXFileReference; lastKnownFileType = sourcecode.swift; path = SSProgressView.swift; sourceTree = "<group>"; };
		99F3F41B23ABBD97003C88D9 /* String.swift */ = {isa = PBXFileReference; lastKnownFileType = sourcecode.swift; path = String.swift; sourceTree = "<group>"; };
		99F3F41D23ABBDE7003C88D9 /* UIDevice.swift */ = {isa = PBXFileReference; lastKnownFileType = sourcecode.swift; path = UIDevice.swift; sourceTree = "<group>"; };
		99F6A186228981CE00183436 /* AutoMap.swift */ = {isa = PBXFileReference; lastKnownFileType = sourcecode.swift; path = AutoMap.swift; sourceTree = "<group>"; };
		99F6A19B2295B11800183436 /* SSSugarContainersAutoMapAddTests.swift */ = {isa = PBXFileReference; lastKnownFileType = sourcecode.swift; path = SSSugarContainersAutoMapAddTests.swift; sourceTree = "<group>"; };
		99FA1D5C225A22FF00AD2FB5 /* SSSugarExtensionContainersArrayBinarySearchTests.swift */ = {isa = PBXFileReference; lastKnownFileType = sourcecode.swift; name = SSSugarExtensionContainersArrayBinarySearchTests.swift; path = SSSugarTests/SSSugarExtensionContainers/SSSugarExtensionContainersArrayBinarySearchTests.swift; sourceTree = SOURCE_ROOT; };
		99FA1D60226392A900AD2FB5 /* SSSugarExtensionContainersArrayForEachTests.swift */ = {isa = PBXFileReference; lastKnownFileType = sourcecode.swift; path = SSSugarExtensionContainersArrayForEachTests.swift; sourceTree = "<group>"; };
		99FA1FE52249544B00C534E3 /* SSSugarExtensionRangeMiddleTests.swift */ = {isa = PBXFileReference; lastKnownFileType = sourcecode.swift; path = SSSugarExtensionRangeMiddleTests.swift; sourceTree = "<group>"; };
		99FA1FE72249549D00C534E3 /* SSSugarExtensionColorInitTests.swift */ = {isa = PBXFileReference; lastKnownFileType = sourcecode.swift; path = SSSugarExtensionColorInitTests.swift; sourceTree = "<group>"; };
		99FA1FEC22495A9400C534E3 /* SSSugarExtensionCGRectCenterTests.swift */ = {isa = PBXFileReference; lastKnownFileType = sourcecode.swift; name = SSSugarExtensionCGRectCenterTests.swift; path = SSSugarTests/SSSugarExtensionsTypes/SSSugarExtensionCGRectCenterTests.swift; sourceTree = SOURCE_ROOT; };
		99FA1FEE2250F0AA00C534E3 /* SSSugarExtensionCGRectInsetToSizeTests.swift */ = {isa = PBXFileReference; lastKnownFileType = sourcecode.swift; name = SSSugarExtensionCGRectInsetToSizeTests.swift; path = SSSugarTests/SSSugarExtensionsTypes/SSSugarExtensionCGRectInsetToSizeTests.swift; sourceTree = SOURCE_ROOT; };
		99FA1FF02250F46500C534E3 /* SSSugarExtensionCGRectInsetToWHTests.swift */ = {isa = PBXFileReference; lastKnownFileType = sourcecode.swift; name = SSSugarExtensionCGRectInsetToWHTests.swift; path = SSSugarTests/SSSugarExtensionsTypes/SSSugarExtensionCGRectInsetToWHTests.swift; sourceTree = SOURCE_ROOT; };
		99FA1FF22250FA0D00C534E3 /* SSSugarExtensionCGRectInitCenterSize.swift */ = {isa = PBXFileReference; lastKnownFileType = sourcecode.swift; path = SSSugarExtensionCGRectInitCenterSize.swift; sourceTree = "<group>"; };
		99FA1FF52250FD2900C534E3 /* SSSugarExtensionCGRectCuttedTests.swift */ = {isa = PBXFileReference; lastKnownFileType = sourcecode.swift; path = SSSugarExtensionCGRectCuttedTests.swift; sourceTree = "<group>"; };
/* End PBXFileReference section */

/* Begin PBXFrameworksBuildPhase section */
		2D8CF9B4241FC4BA00168C8A /* Frameworks */ = {
			isa = PBXFrameworksBuildPhase;
			buildActionMask = 2147483647;
			files = (
				2D8CF9BC241FC4BA00168C8A /* SSSugar.framework in Frameworks */,
			);
			runOnlyForDeploymentPostprocessing = 0;
		};
		99D2963B223D3057003FD9F0 /* Frameworks */ = {
			isa = PBXFrameworksBuildPhase;
			buildActionMask = 2147483647;
			files = (
			);
			runOnlyForDeploymentPostprocessing = 0;
		};
/* End PBXFrameworksBuildPhase section */

/* Begin PBXGroup section */
		2D7E59EC241FC996009EE074 /* SSCustomSelection */ = {
			isa = PBXGroup;
			children = (
				99B1A78022441FAE00D96BEE /* SSCollectionViewMarkableController */,
				99B1A77A224177AC00D96BEE /* SSMarkbaleCollectionCellHelper */,
			);
			path = SSCustomSelection;
			sourceTree = "<group>";
		};
		2D8CF9B8241FC4BA00168C8A /* SSSugarTests */ = {
			isa = PBXGroup;
			children = (
				2D7E59EC241FC996009EE074 /* SSCustomSelection */,
				99B1A796224678B400D96BEE /* SSSugarPlayground */,
				997E314822493587006A5B7C /* SSSugarExtensionsTypes */,
				997B344D225A134B00F2A3A0 /* SSSugarExtensionContainers */,
				99F6A1912295AF5C00183436 /* SSSugarContainers */,
				2D8CF9BB241FC4BA00168C8A /* Info.plist */,
			);
			path = SSSugarTests;
			sourceTree = "<group>";
		};
		990A18A522E641E5008DCCF0 /* View Styles */ = {
			isa = PBXGroup;
			children = (
				990A18A622E641F4008DCCF0 /* SSViewStyles.swift */,
			);
			path = "View Styles";
			sourceTree = "<group>";
		};
		99365D4523B252DA00C8A7DF /* View Transition Animators */ = {
			isa = PBXGroup;
			children = (
				99365D4323B251BE00C8A7DF /* SSViewTransitionAnimating.swift */,
				99365D4623B2530400C8A7DF /* SSScaleAndAlphaTransitionAnimator.swift */,
			);
			path = "View Transition Animators";
			sourceTree = "<group>";
		};
		9937E11123C60A2800F73905 /* Animators */ = {
			isa = PBXGroup;
			children = (
				9937E11223C60A3300F73905 /* ShowAndHide Animators */,
				99365D4523B252DA00C8A7DF /* View Transition Animators */,
			);
			path = Animators;
			sourceTree = "<group>";
		};
		9937E11223C60A3300F73905 /* ShowAndHide Animators */ = {
			isa = PBXGroup;
			children = (
				9937E11323C60A6400F73905 /* SSViewShowHideAnimating.swift */,
				9937E11523C60B2900F73905 /* SSViewShowHideByAlphaAnimator.swift */,
			);
			path = "ShowAndHide Animators";
			sourceTree = "<group>";
		};
		9947C43822CA58B000AB3327 /* DataBase */ = {
			isa = PBXGroup;
			children = (
				99991DC422E624D700F3D294 /* Release Decorator Extensions */,
				99991DBF22E6217C00F3D294 /* Proxies */,
				9947C43922CA58C100AB3327 /* SSDataBase.swift */,
				9967831F22D3906900E33300 /* SSDataBaseSavePoint.swift */,
				99A2EEA622CCFAFE001B2B28 /* SSDataBaseStatement.swift */,
				9947C43B22CA58D800AB3327 /* SSDataBaseProtocols.swift */,
				99A2EE8C22CA5D30001B2B28 /* SSDataBaseConnection.swift */,
				9944ED5C22CF9D09005B129A /* SSDataBaseTransactionController.swift */,
				9944ED5E22CF9DC9005B129A /* SSDataBaseTransaction.swift */,
				9967832322D3993D00E33300 /* SSDataBaseStatemntCache.swift */,
				9967832522D39B4000E33300 /* SSDataBaseStatementCacheHolder.swift */,
				993E8A0D22E0C8BE00688555 /* SSDBStatementProcessor.swift */,
			);
			path = DataBase;
			sourceTree = "<group>";
		};
		997B344D225A134B00F2A3A0 /* SSSugarExtensionContainers */ = {
			isa = PBXGroup;
			children = (
				99FA1D60226392A900AD2FB5 /* SSSugarExtensionContainersArrayForEachTests.swift */,
				99FA1D5C225A22FF00AD2FB5 /* SSSugarExtensionContainersArrayBinarySearchTests.swift */,
				997B344E225A134B00F2A3A0 /* SSSugarExtensionContainersArrayInitBuildBlockTests.swift */,
			);
			path = SSSugarExtensionContainers;
			sourceTree = "<group>";
		};
		997E314822493587006A5B7C /* SSSugarExtensionsTypes */ = {
			isa = PBXGroup;
			children = (
				99FA1FF52250FD2900C534E3 /* SSSugarExtensionCGRectCuttedTests.swift */,
				99FA1FF22250FA0D00C534E3 /* SSSugarExtensionCGRectInitCenterSize.swift */,
				99FA1FF02250F46500C534E3 /* SSSugarExtensionCGRectInsetToWHTests.swift */,
				99FA1FEE2250F0AA00C534E3 /* SSSugarExtensionCGRectInsetToSizeTests.swift */,
				99FA1FEC22495A9400C534E3 /* SSSugarExtensionCGRectCenterTests.swift */,
				997E315222493AC8006A5B7C /* SSSugarExtensionSizeUnitedIntersectedTests.swift */,
				99FA1FE72249549D00C534E3 /* SSSugarExtensionColorInitTests.swift */,
				99FA1FE52249544B00C534E3 /* SSSugarExtensionRangeMiddleTests.swift */,
			);
			path = SSSugarExtensionsTypes;
			sourceTree = "<group>";
		};
		99991DBB22E60D5500F3D294 /* Decorators */ = {
			isa = PBXGroup;
			children = (
				9944ED6022CFA660005B129A /* SSReleaseDecorator.swift */,
			);
			path = Decorators;
			sourceTree = "<group>";
		};
		99991DBF22E6217C00F3D294 /* Proxies */ = {
			isa = PBXGroup;
			children = (
				99991DC022E6219000F3D294 /* SSDataBaseSavePointProxy.swift */,
				99991DC222E6219C00F3D294 /* SSDataBaseStatementProxy.swift */,
			);
			path = Proxies;
			sourceTree = "<group>";
		};
		99991DC422E624D700F3D294 /* Release Decorator Extensions */ = {
			isa = PBXGroup;
			children = (
				99991DC522E624F900F3D294 /* SSReleaseDecoratorDBExtensions.swift */,
			);
			path = "Release Decorator Extensions";
			sourceTree = "<group>";
		};
		99B1A77A224177AC00D96BEE /* SSMarkbaleCollectionCellHelper */ = {
			isa = PBXGroup;
			children = (
				998F2DCE2244021C001FFA3A /* SSMarkbaleCollectionCellHelperDeactivateDeactivatedTC.swift */,
				998F2DCC224401EC001FFA3A /* SSMarkbaleCollectionCellHelperDeactivateTC.swift */,
				998F2DCA22440162001FFA3A /* SSMarkbaleCollectionCellHelperActivateActivatedTC.swift */,
				998F2DC82243F96E001FFA3A /* SSMarkbaleCollectionCellHelperUnmarkNonMarkedTC.swift */,
				998F2DC62243F86B001FFA3A /* SSMarkbaleCollectionCellHelperUnmarkTC.swift */,
				998F2DC42243F7FA001FFA3A /* SSMarkbaleCollectionCellHelperMarkMarkedTC.swift */,
				99B1A7762241766C00D96BEE /* SSMarkbaleCollectionCellHelperBaseTC.swift */,
				99B1A77C22417E1E00D96BEE /* SSMarkbaleCollectionCellHelperActivateTC.swift */,
				99B1A778224176D300D96BEE /* SSMarkbaleCollectionCellHelperMarkNonActiveTC.swift */,
				996F380122417014007FF8B6 /* SSMarkbaleCollectionCellHelperMarkTC.swift */,
			);
			path = SSMarkbaleCollectionCellHelper;
			sourceTree = "<group>";
		};
		99B1A78022441FAE00D96BEE /* SSCollectionViewMarkableController */ = {
			isa = PBXGroup;
			children = (
				99B1A7A022467D8900D96BEE /* SSCollectionViewMarkableControllerMarkAlreadyMarkedTC.swift */,
				99AB3459224547BF004959B1 /* SSCollectionViewMarkableControllerConfigCellTC.swift */,
				99AB345522454466004959B1 /* SSCollectionViewMarkableControllerConfigCellNonActvieTC.swift */,
				99B1A78122442BD600D96BEE /* SSCollectionViewMarkableControllerActivateTC.swift */,
				99B1A77E22441F9800D96BEE /* SSCollectionViewMarkableControllerBaseTC.swift */,
				99B1A78722443EC700D96BEE /* SSCollectionViewMarkableControllerDeactivateTC.swift */,
				99B1A785224431B200D96BEE /* SSCollectionViewMarkableControllerDeactivateAlreadyDeactiveTC.swift */,
				99B1A783224430CC00D96BEE /* SSCollectionViewMarkableControllerActivateAlreadyActiveTC.swift */,
				99B1A78B22465DA100D96BEE /* SSCollectionViewMarkableControllerMarkTC.swift */,
				99B1A789224658D700D96BEE /* SSCollectionViewMarkableControllerMarkNonActiveTC.swift */,
			);
			path = SSCollectionViewMarkableController;
			sourceTree = "<group>";
		};
		99B1A796224678B400D96BEE /* SSSugarPlayground */ = {
			isa = PBXGroup;
			children = (
				99B1A797224678B400D96BEE /* SSSugarPlaygroundTests.swift */,
			);
			path = SSSugarPlayground;
			sourceTree = "<group>";
		};
		99B1A8782247FF5C00D96BEE /* Views */ = {
			isa = PBXGroup;
			children = (
				99E85E3022411583005E2B13 /* UITableVIew.swift */,
				99D29666223D3763003FD9F0 /* UIView.swift */,
				99D29667223D3763003FD9F0 /* UIButton.swift */,
				99713B9422EF555700EBD1FD /* UILabel.swift */,
			);
			path = Views;
			sourceTree = "<group>";
		};
		99B1A8792247FF8300D96BEE /* Containers */ = {
			isa = PBXGroup;
			children = (
				99E85E2C224103C6005E2B13 /* Array.swift */,
				993BC5BB2318028D008DCE98 /* Dictionary.swift */,
			);
			path = Containers;
			sourceTree = "<group>";
		};
		99B1A87A2247FFEA00D96BEE /* Types */ = {
			isa = PBXGroup;
			children = (
				99D29663223D3763003FD9F0 /* UIColor.swift */,
				99D29665223D3763003FD9F0 /* CGRect.swift */,
				99EABD7F224025CC0037645B /* CGSize.swift */,
				99E85E2E22410806005E2B13 /* Range.swift */,
				99F3F41B23ABBD97003C88D9 /* String.swift */,
				99CBE33323B232BF000CE10D /* CGPoint.swift */,
				998534B623CCA6E300FD9325 /* Data.swift */,
			);
			path = Types;
			sourceTree = "<group>";
		};
		99B1A87C2248002100D96BEE /* Controllers */ = {
			isa = PBXGroup;
			children = (
				99D29660223D3763003FD9F0 /* UIViewController.swift */,
			);
			path = Controllers;
			sourceTree = "<group>";
		};
		99D29634223D3057003FD9F0 = {
			isa = PBXGroup;
			children = (
				99E36E7623293932005E6C05 /* SSSugar.podspec */,
				99D29640223D3057003FD9F0 /* SSSugar */,
				2D8CF9B8241FC4BA00168C8A /* SSSugarTests */,
				99D2963F223D3057003FD9F0 /* Products */,
			);
			sourceTree = "<group>";
		};
		99D2963F223D3057003FD9F0 /* Products */ = {
			isa = PBXGroup;
			children = (
				99D2963E223D3057003FD9F0 /* SSSugar.framework */,
				2D8CF9B7241FC4BA00168C8A /* SSSugarTests.xctest */,
			);
			name = Products;
			sourceTree = "<group>";
		};
		99D29640223D3057003FD9F0 /* SSSugar */ = {
			isa = PBXGroup;
			children = (
				99EABD7722401B3A0037645B /* Utils */,
				99D29672223D37BD003FD9F0 /* Extensions */,
				99D29671223D37A2003FD9F0 /* Classes */,
				99D2965F223D3763003FD9F0 /* Other */,
				99D2965A223D3710003FD9F0 /* Protocols */,
				99D29641223D3057003FD9F0 /* SSSugar.h */,
				99D29642223D3057003FD9F0 /* Info.plist */,
			);
			path = SSSugar;
			sourceTree = "<group>";
		};
		99D2964B223D3107003FD9F0 /* ViewControllers */ = {
			isa = PBXGroup;
			children = (
				99D2964C223D3107003FD9F0 /* Root */,
			);
			path = ViewControllers;
			sourceTree = "<group>";
		};
		99D2964C223D3107003FD9F0 /* Root */ = {
			isa = PBXGroup;
			children = (
				99D2964D223D3107003FD9F0 /* SSRootView.swift */,
				99D2964E223D3107003FD9F0 /* SSRootViewController.swift */,
			);
			path = Root;
			sourceTree = "<group>";
		};
		99D29651223D3681003FD9F0 /* Views */ = {
			isa = PBXGroup;
			children = (
				99EABD7D22401EF60037645B /* SSSelectionMarkView.swift */,
				99D29652223D3681003FD9F0 /* SSTextField.swift */,
				99D29653223D3681003FD9F0 /* SSActivityProtectionView.swift */,
				99D29654223D3681003FD9F0 /* SSWindow.swift */,
				99D29655223D3681003FD9F0 /* SSScrollContainerView.swift */,
				99EDE7A122AD2397002BD904 /* SSProgressView.swift */,
			);
			path = Views;
			sourceTree = "<group>";
		};
		99D2965A223D3710003FD9F0 /* Protocols */ = {
			isa = PBXGroup;
			children = (
				99D2965B223D3710003FD9F0 /* SSViewBlocking.swift */,
				9944ED6222CFA6C6005B129A /* SSReleasable.swift */,
				9944ED6422CFA6E5005B129A /* SSTransacted.swift */,
				9967832122D3955000E33300 /* SSCacheContainer.swift */,
				99E3BA4022FB26290023D9AE /* SSCopying.swift */,
				99D70DA8239A8FC100EA96B4 /* SSExecutor.swift */,
			);
			path = Protocols;
			sourceTree = "<group>";
		};
		99D2965F223D3763003FD9F0 /* Other */ = {
			isa = PBXGroup;
			children = (
				99D29662223D3763003FD9F0 /* Common.swift */,
			);
			path = Other;
			sourceTree = "<group>";
		};
		99D29671223D37A2003FD9F0 /* Classes */ = {
			isa = PBXGroup;
			children = (
				9937E11123C60A2800F73905 /* Animators */,
				99991DBB22E60D5500F3D294 /* Decorators */,
				9947C43822CA58B000AB3327 /* DataBase */,
				99F6A185228981BF00183436 /* Containers */,
				99D2964B223D3107003FD9F0 /* ViewControllers */,
				99D29651223D3681003FD9F0 /* Views */,
				993BC5B82317CFB3008DCE98 /* SSAtomic.swift */,
				99AA28D323A2A05400DA9C2F /* SSGroupDispatcher.swift */,
				99AA28D523A2A88F00DA9C2F /* SSChainExecutor.swift */,
			);
			path = Classes;
			sourceTree = "<group>";
		};
		99D29672223D37BD003FD9F0 /* Extensions */ = {
			isa = PBXGroup;
			children = (
				99E36E4123224A2E005E6C05 /* Utils */,
				99E3BA4222FB266E0023D9AE /* Protocols */,
				99B1A87C2248002100D96BEE /* Controllers */,
				99B1A87A2247FFEA00D96BEE /* Types */,
				99B1A8792247FF8300D96BEE /* Containers */,
				99B1A8782247FF5C00D96BEE /* Views */,
				99D29664223D3763003FD9F0 /* DispatchQueue.swift */,
				99F3F41D23ABBDE7003C88D9 /* UIDevice.swift */,
			);
			path = Extensions;
			sourceTree = "<group>";
		};
		99D70DA3239A8B0900EA96B4 /* Example */ = {
			isa = PBXGroup;
			children = (
				99D70DA4239A8B4E00EA96B4 /* SSUETask.swift */,
				99D70DA6239A8C3300EA96B4 /* SSUETaskUpdate.swift */,
				99D70DB3239AAF7700EA96B4 /* SSUETaskProcessor.swift */,
				99745CC1239FC9B700DAAFFA /* SSUETaskUpdater.swift */,
				99E27B57239EAAA400CC5984 /* SSUETaskMutator.swift */,
				99E27B55239EAA0F00CC5984 /* SSUETaskDBMutator.swift */,
				99E27B59239EB01800CC5984 /* SSUETaskRemoteMutator.swift */,
				99AA28D123A295F700DA9C2F /* SSTaskProcessorExample.swift */,
			);
			path = Example;
			sourceTree = "<group>";
		};
		99E36E06232137DD005E6C05 /* Data Synchronisation */ = {
			isa = PBXGroup;
			children = (
				99D70DA3239A8B0900EA96B4 /* Example */,
				99E36E07232137F9005E6C05 /* SSUpdate.swift */,
				99E36E0923213A1B005E6C05 /* SSUpdateCenter.swift */,
				99E36E0C23213C90005E6C05 /* SSEntityProcessor.swift */,
				99745CBF239FC69F00DAAFFA /* SSEntityUpdater.swift */,
				99D70DB5239AB66900EA96B4 /* SSEntityMutator.swift */,
				99745CBB239FC0ED00DAAFFA /* SSEntityStorageMutator.swift */,
				99745CBD239FC10900DAAFFA /* SSEntityRemoteMutator.swift */,
				99E27B5B239FA13A00CC5984 /* SSEntityOfflineMutator.swift */,
			);
			path = "Data Synchronisation";
			sourceTree = "<group>";
		};
		99E36E4123224A2E005E6C05 /* Utils */ = {
			isa = PBXGroup;
			children = (
				99E36E422322532D005E6C05 /* CertificatesPinning */,
			);
			path = Utils;
			sourceTree = "<group>";
		};
		99E36E422322532D005E6C05 /* CertificatesPinning */ = {
			isa = PBXGroup;
			children = (
				99E36E4823225DB6005E6C05 /* SSCertificatesObtainer.swift */,
				99E36E4323225356005E6C05 /* SSCertificatePinner.swift */,
				99E36E452322539C005E6C05 /* URLSession.swift */,
			);
			path = CertificatesPinning;
			sourceTree = "<group>";
		};
		99E3BA4222FB266E0023D9AE /* Protocols */ = {
			isa = PBXGroup;
			children = (
				99B1A78F2246751300D96BEE /* Comparable.swift */,
			);
			path = Protocols;
			sourceTree = "<group>";
		};
		99EABD7722401B3A0037645B /* Utils */ = {
			isa = PBXGroup;
			children = (
				99E36E06232137DD005E6C05 /* Data Synchronisation */,
				990A18A522E641E5008DCCF0 /* View Styles */,
				99EABD7822401B470037645B /* Collections Custom Select */,
				9937E11823C61A1800F73905 /* SSProtectionViewHelper.swift */,
				998534B423CC8EE700FD9325 /* SSLinearCongruentialRandomizer.swift */,
			);
			path = Utils;
			sourceTree = "<group>";
		};
		99EABD7822401B470037645B /* Collections Custom Select */ = {
			isa = PBXGroup;
			children = (
				99EABD7922401B8A0037645B /* SSCollectionViewCellMarkable.swift */,
				99E85E282240F3A0005E2B13 /* SSCollectionViewMarkable.swift */,
				99EABD7B22401D550037645B /* SSMarkbaleCollectionCellHelper.swift */,
				99E85E2A2240F5AC005E2B13 /* SSCollectionViewMarkableController.swift */,
			);
			path = "Collections Custom Select";
			sourceTree = "<group>";
		};
		99F6A185228981BF00183436 /* Containers */ = {
			isa = PBXGroup;
			children = (
				99F6A186228981CE00183436 /* AutoMap.swift */,
			);
			path = Containers;
			sourceTree = "<group>";
		};
		99F6A1912295AF5C00183436 /* SSSugarContainers */ = {
			isa = PBXGroup;
			children = (
				2D4398A724222AAB00D01464 /* SSSugarContainersAutoMapInitTests.swift */,
				99DB1A7E229EE36D005C4823 /* SSSugarContainersAutoMapAddContainerTests.swift */,
				99DB1A7A229ED9FC005C4823 /* SSSugarContainersAutoMapSubsriptTests.swift */,
				99DB1A78229ED6BB005C4823 /* SSSugarContainersAutoMapContainTests.swift */,
				99F6A19B2295B11800183436 /* SSSugarContainersAutoMapAddTests.swift */,
				2D7FD9F32420F73200D4C28F /* SSSugarContainersAutoMapHelper.swift */,
			);
			path = SSSugarContainers;
			sourceTree = "<group>";
		};
/* End PBXGroup section */

/* Begin PBXHeadersBuildPhase section */
		99D29639223D3057003FD9F0 /* Headers */ = {
			isa = PBXHeadersBuildPhase;
			buildActionMask = 2147483647;
			files = (
				99D29643223D3057003FD9F0 /* SSSugar.h in Headers */,
			);
			runOnlyForDeploymentPostprocessing = 0;
		};
/* End PBXHeadersBuildPhase section */

/* Begin PBXNativeTarget section */
		2D8CF9B6241FC4BA00168C8A /* SSSugarTests */ = {
			isa = PBXNativeTarget;
			buildConfigurationList = 2D8CF9BF241FC4BA00168C8A /* Build configuration list for PBXNativeTarget "SSSugarTests" */;
			buildPhases = (
				2D8CF9B3241FC4BA00168C8A /* Sources */,
				2D8CF9B4241FC4BA00168C8A /* Frameworks */,
				2D8CF9B5241FC4BA00168C8A /* Resources */,
			);
			buildRules = (
			);
			dependencies = (
				2D8CF9BE241FC4BA00168C8A /* PBXTargetDependency */,
			);
			name = SSSugarTests;
			productName = SSSugarTests;
			productReference = 2D8CF9B7241FC4BA00168C8A /* SSSugarTests.xctest */;
			productType = "com.apple.product-type.bundle.unit-test";
		};
		99D2963D223D3057003FD9F0 /* SSSugar */ = {
			isa = PBXNativeTarget;
			buildConfigurationList = 99D29646223D3057003FD9F0 /* Build configuration list for PBXNativeTarget "SSSugar" */;
			buildPhases = (
				99D29639223D3057003FD9F0 /* Headers */,
				99D2963A223D3057003FD9F0 /* Sources */,
				99D2963B223D3057003FD9F0 /* Frameworks */,
				99D2963C223D3057003FD9F0 /* Resources */,
			);
			buildRules = (
			);
			dependencies = (
			);
			name = SSSugar;
			productName = SSSugar;
			productReference = 99D2963E223D3057003FD9F0 /* SSSugar.framework */;
			productType = "com.apple.product-type.framework";
		};
/* End PBXNativeTarget section */

/* Begin PBXProject section */
		99D29635223D3057003FD9F0 /* Project object */ = {
			isa = PBXProject;
			attributes = {
				LastSwiftUpdateCheck = 1130;
				LastUpgradeCheck = 1130;
				ORGANIZATIONNAME = "Stanislav Dmitriyev";
				TargetAttributes = {
					2D8CF9B6241FC4BA00168C8A = {
						CreatedOnToolsVersion = 11.3.1;
					};
					99D2963D223D3057003FD9F0 = {
						CreatedOnToolsVersion = 10.1;
						LastSwiftMigration = 1020;
					};
				};
			};
			buildConfigurationList = 99D29638223D3057003FD9F0 /* Build configuration list for PBXProject "SSSugar" */;
			compatibilityVersion = "Xcode 9.3";
			developmentRegion = en;
			hasScannedForEncodings = 0;
			knownRegions = (
				en,
				Base,
			);
			mainGroup = 99D29634223D3057003FD9F0;
			productRefGroup = 99D2963F223D3057003FD9F0 /* Products */;
			projectDirPath = "";
			projectRoot = "";
			targets = (
				99D2963D223D3057003FD9F0 /* SSSugar */,
				2D8CF9B6241FC4BA00168C8A /* SSSugarTests */,
			);
		};
/* End PBXProject section */

/* Begin PBXResourcesBuildPhase section */
		2D8CF9B5241FC4BA00168C8A /* Resources */ = {
			isa = PBXResourcesBuildPhase;
			buildActionMask = 2147483647;
			files = (
			);
			runOnlyForDeploymentPostprocessing = 0;
		};
		99D2963C223D3057003FD9F0 /* Resources */ = {
			isa = PBXResourcesBuildPhase;
			buildActionMask = 2147483647;
			files = (
				99E36E7723293933005E6C05 /* SSSugar.podspec in Resources */,
			);
			runOnlyForDeploymentPostprocessing = 0;
		};
/* End PBXResourcesBuildPhase section */

/* Begin PBXSourcesBuildPhase section */
		2D8CF9B3241FC4BA00168C8A /* Sources */ = {
			isa = PBXSourcesBuildPhase;
			buildActionMask = 2147483647;
			files = (
				2D7E5A3C241FD0E5009EE074 /* SSCollectionViewMarkableControllerMarkAlreadyMarkedTC.swift in Sources */,
				2D7E5A3D241FD0E5009EE074 /* SSCollectionViewMarkableControllerConfigCellTC.swift in Sources */,
				2D7E5A3E241FD0E5009EE074 /* SSCollectionViewMarkableControllerConfigCellNonActvieTC.swift in Sources */,
				2D7E5A3F241FD0E5009EE074 /* SSCollectionViewMarkableControllerActivateTC.swift in Sources */,
				2D7E5A40241FD0E5009EE074 /* SSCollectionViewMarkableControllerBaseTC.swift in Sources */,
				2D7E5A41241FD0E5009EE074 /* SSCollectionViewMarkableControllerDeactivateTC.swift in Sources */,
				2D7E5A42241FD0E5009EE074 /* SSCollectionViewMarkableControllerDeactivateAlreadyDeactiveTC.swift in Sources */,
				2D7E5A43241FD0E5009EE074 /* SSCollectionViewMarkableControllerActivateAlreadyActiveTC.swift in Sources */,
				2D4398A824222AAB00D01464 /* SSSugarContainersAutoMapInitTests.swift in Sources */,
				2D7E5A44241FD0E5009EE074 /* SSCollectionViewMarkableControllerMarkTC.swift in Sources */,
				2D7E5A45241FD0E5009EE074 /* SSCollectionViewMarkableControllerMarkNonActiveTC.swift in Sources */,
				2D7E5A46241FD0E5009EE074 /* SSMarkbaleCollectionCellHelperDeactivateDeactivatedTC.swift in Sources */,
				2D7E5A47241FD0E5009EE074 /* SSMarkbaleCollectionCellHelperDeactivateTC.swift in Sources */,
				2D7E5A48241FD0E5009EE074 /* SSMarkbaleCollectionCellHelperActivateActivatedTC.swift in Sources */,
				2D7E5A49241FD0E5009EE074 /* SSMarkbaleCollectionCellHelperUnmarkNonMarkedTC.swift in Sources */,
				2D7E5A4A241FD0E5009EE074 /* SSMarkbaleCollectionCellHelperUnmarkTC.swift in Sources */,
				2D7E5A4B241FD0E5009EE074 /* SSMarkbaleCollectionCellHelperMarkMarkedTC.swift in Sources */,
				2D7E5A4C241FD0E5009EE074 /* SSMarkbaleCollectionCellHelperBaseTC.swift in Sources */,
				2D7E5A4D241FD0E5009EE074 /* SSMarkbaleCollectionCellHelperActivateTC.swift in Sources */,
				2D7E5A4E241FD0E5009EE074 /* SSMarkbaleCollectionCellHelperMarkNonActiveTC.swift in Sources */,
				2D7E5A4F241FD0E5009EE074 /* SSMarkbaleCollectionCellHelperMarkTC.swift in Sources */,
				2D7E5A50241FD0E5009EE074 /* SSSugarPlaygroundTests.swift in Sources */,
				2D7E5A51241FD0E5009EE074 /* SSSugarExtensionCGRectCuttedTests.swift in Sources */,
				2D7E5A52241FD0E5009EE074 /* SSSugarExtensionCGRectInitCenterSize.swift in Sources */,
				2D7E5A53241FD0E5009EE074 /* SSSugarExtensionCGRectInsetToWHTests.swift in Sources */,
				2D7E5A54241FD0E5009EE074 /* SSSugarExtensionCGRectInsetToSizeTests.swift in Sources */,
				2D7E5A55241FD0E5009EE074 /* SSSugarExtensionCGRectCenterTests.swift in Sources */,
				2D7E5A56241FD0E5009EE074 /* SSSugarExtensionSizeUnitedIntersectedTests.swift in Sources */,
				2D7E5A57241FD0E5009EE074 /* SSSugarExtensionColorInitTests.swift in Sources */,
				2D7E5A58241FD0E5009EE074 /* SSSugarExtensionRangeMiddleTests.swift in Sources */,
				2D7E5A59241FD0E5009EE074 /* SSSugarExtensionContainersArrayForEachTests.swift in Sources */,
				2D7E5A5A241FD0E5009EE074 /* SSSugarExtensionContainersArrayBinarySearchTests.swift in Sources */,
				2D7E5A5B241FD0E5009EE074 /* SSSugarExtensionContainersArrayInitBuildBlockTests.swift in Sources */,
				2D7E5A5C241FD0E5009EE074 /* SSSugarContainersAutoMapAddContainerTests.swift in Sources */,
				2D7E5A5E241FD0E5009EE074 /* SSSugarContainersAutoMapSubsriptTests.swift in Sources */,
				2D7FD9F42420F73200D4C28F /* SSSugarContainersAutoMapHelper.swift in Sources */,
				2D7E5A5F241FD0E5009EE074 /* SSSugarContainersAutoMapContainTests.swift in Sources */,
				2D7E5A60241FD0E5009EE074 /* SSSugarContainersAutoMapAddTests.swift in Sources */,
			);
			runOnlyForDeploymentPostprocessing = 0;
		};
		99D2963A223D3057003FD9F0 /* Sources */ = {
			isa = PBXSourcesBuildPhase;
			buildActionMask = 2147483647;
			files = (
				9944ED5D22CF9D09005B129A /* SSDataBaseTransactionController.swift in Sources */,
				99E27B5C239FA13A00CC5984 /* SSEntityOfflineMutator.swift in Sources */,
				99EABD7C22401D550037645B /* SSMarkbaleCollectionCellHelper.swift in Sources */,
				99F3F41C23ABBD97003C88D9 /* String.swift in Sources */,
				99E85E2F22410806005E2B13 /* Range.swift in Sources */,
				99EABD7E22401EF60037645B /* SSSelectionMarkView.swift in Sources */,
				99E27B56239EAA0F00CC5984 /* SSUETaskDBMutator.swift in Sources */,
				9967832222D3955000E33300 /* SSCacheContainer.swift in Sources */,
				9944ED6522CFA6E5005B129A /* SSTransacted.swift in Sources */,
				99AA28D423A2A05400DA9C2F /* SSGroupDispatcher.swift in Sources */,
				99D2966C223D3763003FD9F0 /* UIColor.swift in Sources */,
				9947C43C22CA58D800AB3327 /* SSDataBaseProtocols.swift in Sources */,
				99E3BA4122FB26290023D9AE /* SSCopying.swift in Sources */,
				9947C43A22CA58C100AB3327 /* SSDataBase.swift in Sources */,
				9967832622D39B4000E33300 /* SSDataBaseStatementCacheHolder.swift in Sources */,
				99E36E08232137F9005E6C05 /* SSUpdate.swift in Sources */,
				998534B523CC8EE700FD9325 /* SSLinearCongruentialRandomizer.swift in Sources */,
				99D29657223D3681003FD9F0 /* SSActivityProtectionView.swift in Sources */,
				99A2EE8D22CA5D30001B2B28 /* SSDataBaseConnection.swift in Sources */,
				99D2965C223D3710003FD9F0 /* SSViewBlocking.swift in Sources */,
				99D70DA9239A8FC100EA96B4 /* SSExecutor.swift in Sources */,
				99E85E292240F3A0005E2B13 /* SSCollectionViewMarkable.swift in Sources */,
				9944ED6122CFA660005B129A /* SSReleaseDecorator.swift in Sources */,
				99D29669223D3763003FD9F0 /* UIViewController.swift in Sources */,
				99EABD7A22401B8A0037645B /* SSCollectionViewCellMarkable.swift in Sources */,
				99B1A7902246751300D96BEE /* Comparable.swift in Sources */,
				993BC5B92317CFB3008DCE98 /* SSAtomic.swift in Sources */,
				993BC5BC2318028D008DCE98 /* Dictionary.swift in Sources */,
				99D2966B223D3763003FD9F0 /* Common.swift in Sources */,
				99E85E2D224103C6005E2B13 /* Array.swift in Sources */,
				99745CBE239FC10900DAAFFA /* SSEntityRemoteMutator.swift in Sources */,
				998534B723CCA6E300FD9325 /* Data.swift in Sources */,
				9944ED6322CFA6C6005B129A /* SSReleasable.swift in Sources */,
				99365D4423B251BE00C8A7DF /* SSViewTransitionAnimating.swift in Sources */,
				99991DC622E624F900F3D294 /* SSReleaseDecoratorDBExtensions.swift in Sources */,
				993E8A0E22E0C8BE00688555 /* SSDBStatementProcessor.swift in Sources */,
				99D29658223D3681003FD9F0 /* SSWindow.swift in Sources */,
				99D29650223D3107003FD9F0 /* SSRootViewController.swift in Sources */,
				99D2964F223D3107003FD9F0 /* SSRootView.swift in Sources */,
				99E27B5A239EB01800CC5984 /* SSUETaskRemoteMutator.swift in Sources */,
				99713B9522EF555700EBD1FD /* UILabel.swift in Sources */,
				99AA28D623A2A88F00DA9C2F /* SSChainExecutor.swift in Sources */,
				99D29670223D3763003FD9F0 /* UIButton.swift in Sources */,
				99745CC2239FC9B700DAAFFA /* SSUETaskUpdater.swift in Sources */,
				99E36E0A23213A1B005E6C05 /* SSUpdateCenter.swift in Sources */,
				99AA28D223A295F700DA9C2F /* SSTaskProcessorExample.swift in Sources */,
				99365D4723B2530400C8A7DF /* SSScaleAndAlphaTransitionAnimator.swift in Sources */,
				99E36E0D23213C90005E6C05 /* SSEntityProcessor.swift in Sources */,
				99D2966D223D3763003FD9F0 /* DispatchQueue.swift in Sources */,
				99D29656223D3681003FD9F0 /* SSTextField.swift in Sources */,
				99991DC322E6219C00F3D294 /* SSDataBaseStatementProxy.swift in Sources */,
				9937E11923C61A1800F73905 /* SSProtectionViewHelper.swift in Sources */,
				99745CC0239FC69F00DAAFFA /* SSEntityUpdater.swift in Sources */,
				99D70DA5239A8B4E00EA96B4 /* SSUETask.swift in Sources */,
				99D29659223D3681003FD9F0 /* SSScrollContainerView.swift in Sources */,
				9944ED5F22CF9DC9005B129A /* SSDataBaseTransaction.swift in Sources */,
				99D2966F223D3763003FD9F0 /* UIView.swift in Sources */,
				9967832022D3906900E33300 /* SSDataBaseSavePoint.swift in Sources */,
				99991DC122E6219000F3D294 /* SSDataBaseSavePointProxy.swift in Sources */,
				99E85E3122411583005E2B13 /* UITableVIew.swift in Sources */,
				9937E11623C60B2900F73905 /* SSViewShowHideByAlphaAnimator.swift in Sources */,
				99E36E4423225356005E6C05 /* SSCertificatePinner.swift in Sources */,
				99D70DA7239A8C3300EA96B4 /* SSUETaskUpdate.swift in Sources */,
				99D70DB6239AB66900EA96B4 /* SSEntityMutator.swift in Sources */,
				99745CBC239FC0ED00DAAFFA /* SSEntityStorageMutator.swift in Sources */,
				99A2EEA722CCFAFE001B2B28 /* SSDataBaseStatement.swift in Sources */,
				99E27B58239EAAA400CC5984 /* SSUETaskMutator.swift in Sources */,
				99E85E2B2240F5AC005E2B13 /* SSCollectionViewMarkableController.swift in Sources */,
				99F6A187228981CE00183436 /* AutoMap.swift in Sources */,
				99E36E462322539C005E6C05 /* URLSession.swift in Sources */,
				99EABD80224025CC0037645B /* CGSize.swift in Sources */,
				99F3F41E23ABBDE7003C88D9 /* UIDevice.swift in Sources */,
				99D2966E223D3763003FD9F0 /* CGRect.swift in Sources */,
				99EDE7A222AD2397002BD904 /* SSProgressView.swift in Sources */,
				990A18A722E641F4008DCCF0 /* SSViewStyles.swift in Sources */,
				99D70DB4239AAF7700EA96B4 /* SSUETaskProcessor.swift in Sources */,
				9937E11423C60A6400F73905 /* SSViewShowHideAnimating.swift in Sources */,
				99E36E4923225DB6005E6C05 /* SSCertificatesObtainer.swift in Sources */,
				99CBE33423B232BF000CE10D /* CGPoint.swift in Sources */,
				9967832422D3993D00E33300 /* SSDataBaseStatemntCache.swift in Sources */,
			);
			runOnlyForDeploymentPostprocessing = 0;
		};
/* End PBXSourcesBuildPhase section */

/* Begin PBXTargetDependency section */
		2D8CF9BE241FC4BA00168C8A /* PBXTargetDependency */ = {
			isa = PBXTargetDependency;
			target = 99D2963D223D3057003FD9F0 /* SSSugar */;
			targetProxy = 2D8CF9BD241FC4BA00168C8A /* PBXContainerItemProxy */;
		};
/* End PBXTargetDependency section */

/* Begin XCBuildConfiguration section */
		2D8CF9C0241FC4BA00168C8A /* Debug */ = {
			isa = XCBuildConfiguration;
			buildSettings = {
				CODE_SIGN_STYLE = Automatic;
				DEVELOPMENT_TEAM = 2R9RKTL2SS;
				INFOPLIST_FILE = SSSugarTests/Info.plist;
				IPHONEOS_DEPLOYMENT_TARGET = 12.1;
				LD_RUNPATH_SEARCH_PATHS = (
					"$(inherited)",
					"@executable_path/Frameworks",
					"@loader_path/Frameworks",
				);
				PRODUCT_BUNDLE_IDENTIFIER = com.byteslight.SSSugarTests;
				PRODUCT_NAME = "$(TARGET_NAME)";
				SWIFT_VERSION = 5.0;
				TARGETED_DEVICE_FAMILY = "1,2";
			};
			name = Debug;
		};
		2D8CF9C1241FC4BA00168C8A /* Release */ = {
			isa = XCBuildConfiguration;
			buildSettings = {
				CODE_SIGN_STYLE = Automatic;
				DEVELOPMENT_TEAM = 2R9RKTL2SS;
				INFOPLIST_FILE = SSSugarTests/Info.plist;
				IPHONEOS_DEPLOYMENT_TARGET = 12.1;
				LD_RUNPATH_SEARCH_PATHS = (
					"$(inherited)",
					"@executable_path/Frameworks",
					"@loader_path/Frameworks",
				);
				PRODUCT_BUNDLE_IDENTIFIER = com.byteslight.SSSugarTests;
				PRODUCT_NAME = "$(TARGET_NAME)";
				SWIFT_VERSION = 5.0;
				TARGETED_DEVICE_FAMILY = "1,2";
			};
			name = Release;
		};
		99D29644223D3057003FD9F0 /* Debug */ = {
			isa = XCBuildConfiguration;
			buildSettings = {
				ALWAYS_SEARCH_USER_PATHS = NO;
				CLANG_ANALYZER_NONNULL = YES;
				CLANG_ANALYZER_NUMBER_OBJECT_CONVERSION = YES_AGGRESSIVE;
				CLANG_CXX_LANGUAGE_STANDARD = "gnu++14";
				CLANG_CXX_LIBRARY = "libc++";
				CLANG_ENABLE_MODULES = YES;
				CLANG_ENABLE_OBJC_ARC = YES;
				CLANG_ENABLE_OBJC_WEAK = YES;
				CLANG_WARN_BLOCK_CAPTURE_AUTORELEASING = YES;
				CLANG_WARN_BOOL_CONVERSION = YES;
				CLANG_WARN_COMMA = YES;
				CLANG_WARN_CONSTANT_CONVERSION = YES;
				CLANG_WARN_DEPRECATED_OBJC_IMPLEMENTATIONS = YES;
				CLANG_WARN_DIRECT_OBJC_ISA_USAGE = YES_ERROR;
				CLANG_WARN_DOCUMENTATION_COMMENTS = YES;
				CLANG_WARN_EMPTY_BODY = YES;
				CLANG_WARN_ENUM_CONVERSION = YES;
				CLANG_WARN_INFINITE_RECURSION = YES;
				CLANG_WARN_INT_CONVERSION = YES;
				CLANG_WARN_NON_LITERAL_NULL_CONVERSION = YES;
				CLANG_WARN_OBJC_IMPLICIT_RETAIN_SELF = YES;
				CLANG_WARN_OBJC_LITERAL_CONVERSION = YES;
				CLANG_WARN_OBJC_ROOT_CLASS = YES_ERROR;
				CLANG_WARN_RANGE_LOOP_ANALYSIS = YES;
				CLANG_WARN_STRICT_PROTOTYPES = YES;
				CLANG_WARN_SUSPICIOUS_MOVE = YES;
				CLANG_WARN_UNGUARDED_AVAILABILITY = YES_AGGRESSIVE;
				CLANG_WARN_UNREACHABLE_CODE = YES;
				CLANG_WARN__DUPLICATE_METHOD_MATCH = YES;
				CODE_SIGN_IDENTITY = "iPhone Developer";
				COPY_PHASE_STRIP = NO;
				CURRENT_PROJECT_VERSION = 1;
				DEBUG_INFORMATION_FORMAT = dwarf;
				ENABLE_STRICT_OBJC_MSGSEND = YES;
				ENABLE_TESTABILITY = YES;
				GCC_C_LANGUAGE_STANDARD = gnu11;
				GCC_DYNAMIC_NO_PIC = NO;
				GCC_NO_COMMON_BLOCKS = YES;
				GCC_OPTIMIZATION_LEVEL = 0;
				GCC_PREPROCESSOR_DEFINITIONS = (
					"DEBUG=1",
					"$(inherited)",
				);
				GCC_WARN_64_TO_32_BIT_CONVERSION = YES;
				GCC_WARN_ABOUT_RETURN_TYPE = YES_ERROR;
				GCC_WARN_UNDECLARED_SELECTOR = YES;
				GCC_WARN_UNINITIALIZED_AUTOS = YES_AGGRESSIVE;
				GCC_WARN_UNUSED_FUNCTION = YES;
				GCC_WARN_UNUSED_VARIABLE = YES;
				IPHONEOS_DEPLOYMENT_TARGET = 10.3;
				MTL_ENABLE_DEBUG_INFO = INCLUDE_SOURCE;
				MTL_FAST_MATH = YES;
				ONLY_ACTIVE_ARCH = YES;
				SDKROOT = iphoneos;
				SWIFT_ACTIVE_COMPILATION_CONDITIONS = DEBUG;
				SWIFT_OPTIMIZATION_LEVEL = "-Onone";
				VERSIONING_SYSTEM = "apple-generic";
				VERSION_INFO_PREFIX = "";
			};
			name = Debug;
		};
		99D29645223D3057003FD9F0 /* Release */ = {
			isa = XCBuildConfiguration;
			buildSettings = {
				ALWAYS_SEARCH_USER_PATHS = NO;
				CLANG_ANALYZER_NONNULL = YES;
				CLANG_ANALYZER_NUMBER_OBJECT_CONVERSION = YES_AGGRESSIVE;
				CLANG_CXX_LANGUAGE_STANDARD = "gnu++14";
				CLANG_CXX_LIBRARY = "libc++";
				CLANG_ENABLE_MODULES = YES;
				CLANG_ENABLE_OBJC_ARC = YES;
				CLANG_ENABLE_OBJC_WEAK = YES;
				CLANG_WARN_BLOCK_CAPTURE_AUTORELEASING = YES;
				CLANG_WARN_BOOL_CONVERSION = YES;
				CLANG_WARN_COMMA = YES;
				CLANG_WARN_CONSTANT_CONVERSION = YES;
				CLANG_WARN_DEPRECATED_OBJC_IMPLEMENTATIONS = YES;
				CLANG_WARN_DIRECT_OBJC_ISA_USAGE = YES_ERROR;
				CLANG_WARN_DOCUMENTATION_COMMENTS = YES;
				CLANG_WARN_EMPTY_BODY = YES;
				CLANG_WARN_ENUM_CONVERSION = YES;
				CLANG_WARN_INFINITE_RECURSION = YES;
				CLANG_WARN_INT_CONVERSION = YES;
				CLANG_WARN_NON_LITERAL_NULL_CONVERSION = YES;
				CLANG_WARN_OBJC_IMPLICIT_RETAIN_SELF = YES;
				CLANG_WARN_OBJC_LITERAL_CONVERSION = YES;
				CLANG_WARN_OBJC_ROOT_CLASS = YES_ERROR;
				CLANG_WARN_RANGE_LOOP_ANALYSIS = YES;
				CLANG_WARN_STRICT_PROTOTYPES = YES;
				CLANG_WARN_SUSPICIOUS_MOVE = YES;
				CLANG_WARN_UNGUARDED_AVAILABILITY = YES_AGGRESSIVE;
				CLANG_WARN_UNREACHABLE_CODE = YES;
				CLANG_WARN__DUPLICATE_METHOD_MATCH = YES;
				CODE_SIGN_IDENTITY = "iPhone Developer";
				COPY_PHASE_STRIP = NO;
				CURRENT_PROJECT_VERSION = 1;
				DEBUG_INFORMATION_FORMAT = "dwarf-with-dsym";
				ENABLE_NS_ASSERTIONS = NO;
				ENABLE_STRICT_OBJC_MSGSEND = YES;
				GCC_C_LANGUAGE_STANDARD = gnu11;
				GCC_NO_COMMON_BLOCKS = YES;
				GCC_WARN_64_TO_32_BIT_CONVERSION = YES;
				GCC_WARN_ABOUT_RETURN_TYPE = YES_ERROR;
				GCC_WARN_UNDECLARED_SELECTOR = YES;
				GCC_WARN_UNINITIALIZED_AUTOS = YES_AGGRESSIVE;
				GCC_WARN_UNUSED_FUNCTION = YES;
				GCC_WARN_UNUSED_VARIABLE = YES;
				IPHONEOS_DEPLOYMENT_TARGET = 10.3;
				MTL_ENABLE_DEBUG_INFO = NO;
				MTL_FAST_MATH = YES;
				SDKROOT = iphoneos;
				SWIFT_COMPILATION_MODE = wholemodule;
				SWIFT_OPTIMIZATION_LEVEL = "-O";
				VALIDATE_PRODUCT = YES;
				VERSIONING_SYSTEM = "apple-generic";
				VERSION_INFO_PREFIX = "";
			};
			name = Release;
		};
		99D29647223D3057003FD9F0 /* Debug */ = {
			isa = XCBuildConfiguration;
			buildSettings = {
				CLANG_ENABLE_MODULES = YES;
				CODE_SIGN_IDENTITY = "";
				"CODE_SIGN_IDENTITY[sdk=macosx*]" = "Apple Development";
				CODE_SIGN_STYLE = Automatic;
				DEFINES_MODULE = YES;
				DEVELOPMENT_TEAM = 2R9RKTL2SS;
				DYLIB_COMPATIBILITY_VERSION = 1;
				DYLIB_CURRENT_VERSION = 1;
				DYLIB_INSTALL_NAME_BASE = "@rpath";
				INFOPLIST_FILE = SSSugar/Info.plist;
				INSTALL_PATH = "$(LOCAL_LIBRARY_DIR)/Frameworks";
				IPHONEOS_DEPLOYMENT_TARGET = 10.3;
				LD_RUNPATH_SEARCH_PATHS = (
					"$(inherited)",
					"@executable_path/Frameworks",
					"@loader_path/Frameworks",
				);
				MARKETING_VERSION = 1.4.4;
				PRODUCT_BUNDLE_IDENTIFIER = com.byteslight.SSSugar;
				PRODUCT_NAME = "$(TARGET_NAME:c99extidentifier)";
				PROVISIONING_PROFILE_SPECIFIER = "";
				"PROVISIONING_PROFILE_SPECIFIER[sdk=macosx*]" = "";
				SKIP_INSTALL = YES;
				SWIFT_OPTIMIZATION_LEVEL = "-Onone";
				SWIFT_VERSION = 5.0;
				TARGETED_DEVICE_FAMILY = "1,2";
			};
			name = Debug;
		};
		99D29648223D3057003FD9F0 /* Release */ = {
			isa = XCBuildConfiguration;
			buildSettings = {
				CLANG_ENABLE_MODULES = YES;
				CODE_SIGN_IDENTITY = "";
				"CODE_SIGN_IDENTITY[sdk=macosx*]" = "Apple Development";
				CODE_SIGN_STYLE = Automatic;
				DEFINES_MODULE = YES;
				DEVELOPMENT_TEAM = 2R9RKTL2SS;
				DYLIB_COMPATIBILITY_VERSION = 1;
				DYLIB_CURRENT_VERSION = 1;
				DYLIB_INSTALL_NAME_BASE = "@rpath";
				INFOPLIST_FILE = SSSugar/Info.plist;
				INSTALL_PATH = "$(LOCAL_LIBRARY_DIR)/Frameworks";
				IPHONEOS_DEPLOYMENT_TARGET = 10.3;
				LD_RUNPATH_SEARCH_PATHS = (
					"$(inherited)",
					"@executable_path/Frameworks",
					"@loader_path/Frameworks",
				);
				MARKETING_VERSION = 1.4.4;
				PRODUCT_BUNDLE_IDENTIFIER = com.byteslight.SSSugar;
				PRODUCT_NAME = "$(TARGET_NAME:c99extidentifier)";
				PROVISIONING_PROFILE_SPECIFIER = "";
				"PROVISIONING_PROFILE_SPECIFIER[sdk=macosx*]" = "";
				SKIP_INSTALL = YES;
				SWIFT_VERSION = 5.0;
				TARGETED_DEVICE_FAMILY = "1,2";
			};
			name = Release;
		};
/* End XCBuildConfiguration section */

/* Begin XCConfigurationList section */
		2D8CF9BF241FC4BA00168C8A /* Build configuration list for PBXNativeTarget "SSSugarTests" */ = {
			isa = XCConfigurationList;
			buildConfigurations = (
				2D8CF9C0241FC4BA00168C8A /* Debug */,
				2D8CF9C1241FC4BA00168C8A /* Release */,
			);
			defaultConfigurationIsVisible = 0;
			defaultConfigurationName = Release;
		};
		99D29638223D3057003FD9F0 /* Build configuration list for PBXProject "SSSugar" */ = {
			isa = XCConfigurationList;
			buildConfigurations = (
				99D29644223D3057003FD9F0 /* Debug */,
				99D29645223D3057003FD9F0 /* Release */,
			);
			defaultConfigurationIsVisible = 0;
			defaultConfigurationName = Release;
		};
		99D29646223D3057003FD9F0 /* Build configuration list for PBXNativeTarget "SSSugar" */ = {
			isa = XCConfigurationList;
			buildConfigurations = (
				99D29647223D3057003FD9F0 /* Debug */,
				99D29648223D3057003FD9F0 /* Release */,
			);
			defaultConfigurationIsVisible = 0;
			defaultConfigurationName = Release;
		};
/* End XCConfigurationList section */
	};
	rootObject = 99D29635223D3057003FD9F0 /* Project object */;
}
